// !$*UTF8*$!
{
	archiveVersion = 1;
	classes = {
	};
	objectVersion = 46;
	objects = {

/* Begin PBXBuildFile section */
		08143D9D4878DBD3F38DB2CA /* libPods.a in Frameworks */ = {isa = PBXBuildFile; fileRef = 38CAB39587B16DFF64E21BAA /* libPods.a */; };
		C496A6641CD8924800F017E5 /* main.m in Sources */ = {isa = PBXBuildFile; fileRef = C496A6631CD8924800F017E5 /* main.m */; };
		C496A66D1CD8924800F017E5 /* Main.storyboard in Resources */ = {isa = PBXBuildFile; fileRef = C496A66B1CD8924800F017E5 /* Main.storyboard */; };
		C496A66F1CD8924800F017E5 /* Assets.xcassets in Resources */ = {isa = PBXBuildFile; fileRef = C496A66E1CD8924800F017E5 /* Assets.xcassets */; };
		C496A67D1CD8924800F017E5 /* GTQHuntForCityTests.m in Sources */ = {isa = PBXBuildFile; fileRef = C496A67C1CD8924800F017E5 /* GTQHuntForCityTests.m */; };
		C496A6881CD8924800F017E5 /* GTQHuntForCityUITests.m in Sources */ = {isa = PBXBuildFile; fileRef = C496A6871CD8924800F017E5 /* GTQHuntForCityUITests.m */; };
		C496A6E91CD9F5C300F017E5 /* UIBarButtonItem+quickInit.m in Sources */ = {isa = PBXBuildFile; fileRef = C496A6E21CD9F5C300F017E5 /* UIBarButtonItem+quickInit.m */; };
		C496A6EA1CD9F5C300F017E5 /* UIButton+GTQButton.m in Sources */ = {isa = PBXBuildFile; fileRef = C496A6E41CD9F5C300F017E5 /* UIButton+GTQButton.m */; };
		C496A6EB1CD9F5C300F017E5 /* UIColor+GTQColor.m in Sources */ = {isa = PBXBuildFile; fileRef = C496A6E61CD9F5C300F017E5 /* UIColor+GTQColor.m */; };
		C496A6EC1CD9F5C300F017E5 /* UILabel+GTQLabel.m in Sources */ = {isa = PBXBuildFile; fileRef = C496A6E81CD9F5C300F017E5 /* UILabel+GTQLabel.m */; };
		C496A7201CD9F7C800F017E5 /* AppDelegate.m in Sources */ = {isa = PBXBuildFile; fileRef = C496A71F1CD9F7C800F017E5 /* AppDelegate.m */; };
		C496A7231CD9F7FE00F017E5 /* GTQHomeViewController.m in Sources */ = {isa = PBXBuildFile; fileRef = C496A7221CD9F7FE00F017E5 /* GTQHomeViewController.m */; };
		C496A7261CD9F83F00F017E5 /* GTQFoundViewController.m in Sources */ = {isa = PBXBuildFile; fileRef = C496A7251CD9F83F00F017E5 /* GTQFoundViewController.m */; };
		C496A7341CD9F89A00F017E5 /* GTQBaseViewController.m in Sources */ = {isa = PBXBuildFile; fileRef = C496A7281CD9F89A00F017E5 /* GTQBaseViewController.m */; };
		C496A7351CD9F89A00F017E5 /* GTQCityButton.m in Sources */ = {isa = PBXBuildFile; fileRef = C496A72A1CD9F89A00F017E5 /* GTQCityButton.m */; };
		C496A7361CD9F89A00F017E5 /* GTQLeftMenuView.m in Sources */ = {isa = PBXBuildFile; fileRef = C496A72C1CD9F89A00F017E5 /* GTQLeftMenuView.m */; };
		C496A7371CD9F89A00F017E5 /* GTQLeftMenuView.xib in Resources */ = {isa = PBXBuildFile; fileRef = C496A72D1CD9F89A00F017E5 /* GTQLeftMenuView.xib */; };
		C496A7381CD9F89A00F017E5 /* GTQMainViewController.m in Sources */ = {isa = PBXBuildFile; fileRef = C496A72F1CD9F89A00F017E5 /* GTQMainViewController.m */; };
		C496A7391CD9F89A00F017E5 /* GTQMenuButton.m in Sources */ = {isa = PBXBuildFile; fileRef = C496A7311CD9F89A00F017E5 /* GTQMenuButton.m */; };
		C496A73A1CD9F89A00F017E5 /* GTQNavigationController.m in Sources */ = {isa = PBXBuildFile; fileRef = C496A7331CD9F89A00F017E5 /* GTQNavigationController.m */; };
		C496A74A1CD9F8FB00F017E5 /* GTQBeenViewController.m in Sources */ = {isa = PBXBuildFile; fileRef = C496A73D1CD9F8FB00F017E5 /* GTQBeenViewController.m */; };
		C496A74B1CD9F8FB00F017E5 /* GTQCollectionViewController.m in Sources */ = {isa = PBXBuildFile; fileRef = C496A7401CD9F8FB00F017E5 /* GTQCollectionViewController.m */; };
		C496A74C1CD9F8FB00F017E5 /* GTQMessageViewController.m in Sources */ = {isa = PBXBuildFile; fileRef = C496A7431CD9F8FB00F017E5 /* GTQMessageViewController.m */; };
		C496A74D1CD9F8FB00F017E5 /* GTQSettingViewController.m in Sources */ = {isa = PBXBuildFile; fileRef = C496A7461CD9F8FB00F017E5 /* GTQSettingViewController.m */; };
		C496A74E1CD9F8FB00F017E5 /* GTQUserViewController.m in Sources */ = {isa = PBXBuildFile; fileRef = C496A7491CD9F8FB00F017E5 /* GTQUserViewController.m */; };
		C496A75A1CDAE67D00F017E5 /* GTQHomeModel.m in Sources */ = {isa = PBXBuildFile; fileRef = C496A7591CDAE67D00F017E5 /* GTQHomeModel.m */; };
		C496A75D1CDAE6F100F017E5 /* GTQHomeCellModel.m in Sources */ = {isa = PBXBuildFile; fileRef = C496A75C1CDAE6F100F017E5 /* GTQHomeCellModel.m */; };
		C496A75F1CDAE84400F017E5 /* HomeDatas.plist in Resources */ = {isa = PBXBuildFile; fileRef = C496A75E1CDAE84400F017E5 /* HomeDatas.plist */; };
		C496A7621CDAEABF00F017E5 /* GTQRmdHeaderView.m in Sources */ = {isa = PBXBuildFile; fileRef = C496A7611CDAEABF00F017E5 /* GTQRmdHeaderView.m */; };
		C496A7661CDAEADF00F017E5 /* GTQRmdTableViewCell.m in Sources */ = {isa = PBXBuildFile; fileRef = C496A7641CDAEADF00F017E5 /* GTQRmdTableViewCell.m */; };
		C496A7671CDAEADF00F017E5 /* GTQRmdTableViewCell.xib in Resources */ = {isa = PBXBuildFile; fileRef = C496A7651CDAEADF00F017E5 /* GTQRmdTableViewCell.xib */; };
		C496A7691CDAFBC900F017E5 /* GTQRmdHeaderView.xib in Resources */ = {isa = PBXBuildFile; fileRef = C496A7681CDAFBC900F017E5 /* GTQRmdHeaderView.xib */; };
		C496A76C1CDB2F2A00F017E5 /* GTQDetailViewController.m in Sources */ = {isa = PBXBuildFile; fileRef = C496A76B1CDB2F2A00F017E5 /* GTQDetailViewController.m */; };
		C496A7731CDB2F8A00F017E5 /* GTQHeaderPushViewController.m in Sources */ = {isa = PBXBuildFile; fileRef = C496A7721CDB2F8A00F017E5 /* GTQHeaderPushViewController.m */; };
		C496A7761CDB325E00F017E5 /* GTQCustomNavBar.m in Sources */ = {isa = PBXBuildFile; fileRef = C496A7751CDB325E00F017E5 /* GTQCustomNavBar.m */; };
		C496A7791CDB339200F017E5 /* GTQCustomNavTitleView.m in Sources */ = {isa = PBXBuildFile; fileRef = C496A7781CDB339200F017E5 /* GTQCustomNavTitleView.m */; };
		C496A77C1CDB3CC500F017E5 /* GTQUnLoginView.m in Sources */ = {isa = PBXBuildFile; fileRef = C496A77B1CDB3CC500F017E5 /* GTQUnLoginView.m */; };
		C496A77E1CDB3DDE00F017E5 /* GTQUnLoginView.xib in Resources */ = {isa = PBXBuildFile; fileRef = C496A77D1CDB3DDE00F017E5 /* GTQUnLoginView.xib */; };
		C496A7811CDB428900F017E5 /* GTQPromptView.m in Sources */ = {isa = PBXBuildFile; fileRef = C496A7801CDB428900F017E5 /* GTQPromptView.m */; };
		C496A7831CDB42DF00F017E5 /* GTQPromptView.xib in Resources */ = {isa = PBXBuildFile; fileRef = C496A7821CDB42DF00F017E5 /* GTQPromptView.xib */; };
		C496A7861CDB4E2F00F017E5 /* GTQShowViewController.m in Sources */ = {isa = PBXBuildFile; fileRef = C496A7851CDB4E2F00F017E5 /* GTQShowViewController.m */; };
		C496A7891CDB4E9A00F017E5 /* GTQConditionView.m in Sources */ = {isa = PBXBuildFile; fileRef = C496A7881CDB4E9A00F017E5 /* GTQConditionView.m */; };
		C496A78C1CDB4EBD00F017E5 /* GTQRenderBlurView.m in Sources */ = {isa = PBXBuildFile; fileRef = C496A78B1CDB4EBD00F017E5 /* GTQRenderBlurView.m */; };
		C496A7901CDB4F0B00F017E5 /* GTQMapViewController.m in Sources */ = {isa = PBXBuildFile; fileRef = C496A78F1CDB4F0B00F017E5 /* GTQMapViewController.m */; };
		C496A7971CDB503E00F017E5 /* detailJson in Resources */ = {isa = PBXBuildFile; fileRef = C496A7911CDB503E00F017E5 /* detailJson */; };
		C496A7981CDB503E00F017E5 /* foundData.plist in Resources */ = {isa = PBXBuildFile; fileRef = C496A7921CDB503E00F017E5 /* foundData.plist */; };
		C496A7991CDB503E00F017E5 /* blurData.plist in Resources */ = {isa = PBXBuildFile; fileRef = C496A7931CDB503E00F017E5 /* blurData.plist */; };
		C496A79A1CDB503E00F017E5 /* MessageData.plist in Resources */ = {isa = PBXBuildFile; fileRef = C496A7941CDB503E00F017E5 /* MessageData.plist */; };
		C496A79B1CDB503E00F017E5 /* CellDatas.plist in Resources */ = {isa = PBXBuildFile; fileRef = C496A7951CDB503E00F017E5 /* CellDatas.plist */; };
		C496A79C1CDB503E00F017E5 /* infoDatas.plist in Resources */ = {isa = PBXBuildFile; fileRef = C496A7961CDB503E00F017E5 /* infoDatas.plist */; };
		C496A7A21CDC313400F017E5 /* GTQFoundCellModel.m in Sources */ = {isa = PBXBuildFile; fileRef = C496A7A11CDC313400F017E5 /* GTQFoundCellModel.m */; };
		C496A7A61CDC33BC00F017E5 /* GTQFoundViewLayout.m in Sources */ = {isa = PBXBuildFile; fileRef = C496A7A51CDC33BC00F017E5 /* GTQFoundViewLayout.m */; };
		C496A7AA1CDC35FA00F017E5 /* GTQFoundCollectionViewCell.m in Sources */ = {isa = PBXBuildFile; fileRef = C496A7A81CDC35FA00F017E5 /* GTQFoundCollectionViewCell.m */; };
		C496A7AB1CDC35FA00F017E5 /* GTQFoundCollectionViewCell.xib in Resources */ = {isa = PBXBuildFile; fileRef = C496A7A91CDC35FA00F017E5 /* GTQFoundCollectionViewCell.xib */; };
		C496A7AE1CDC3D9A00F017E5 /* GTQHeaderCollectionReusableView.m in Sources */ = {isa = PBXBuildFile; fileRef = C496A7AD1CDC3D9A00F017E5 /* GTQHeaderCollectionReusableView.m */; };
		C496A7B11CDC444B00F017E5 /* GTQFoundHeaderModel.m in Sources */ = {isa = PBXBuildFile; fileRef = C496A7B01CDC444B00F017E5 /* GTQFoundHeaderModel.m */; };
		C496A7B41CDC6CF200F017E5 /* GTQRefreshHeader.m in Sources */ = {isa = PBXBuildFile; fileRef = C496A7B31CDC6CF200F017E5 /* GTQRefreshHeader.m */; };
		C496A7B71CDC6DFB00F017E5 /* UIImage+Size.m in Sources */ = {isa = PBXBuildFile; fileRef = C496A7B61CDC6DFB00F017E5 /* UIImage+Size.m */; };
		C496A7BE1CDC8BC100F017E5 /* GTQBlurCell.m in Sources */ = {isa = PBXBuildFile; fileRef = C496A7BD1CDC8BC100F017E5 /* GTQBlurCell.m */; };
		C496A7C01CDC8BDA00F017E5 /* GTQBlurCell.xib in Resources */ = {isa = PBXBuildFile; fileRef = C496A7BF1CDC8BDA00F017E5 /* GTQBlurCell.xib */; };
		C496A7C71CDC9D0000F017E5 /* GTQSearchViewController.m in Sources */ = {isa = PBXBuildFile; fileRef = C496A7C61CDC9D0000F017E5 /* GTQSearchViewController.m */; };
		C496A7CA1CE02A6100F017E5 /* GTQScrollHeadView.m in Sources */ = {isa = PBXBuildFile; fileRef = C496A7C91CE02A6100F017E5 /* GTQScrollHeadView.m */; };
		C496A7CD1CE05FAF00F017E5 /* GTQDetailNavBar.m in Sources */ = {isa = PBXBuildFile; fileRef = C496A7CC1CE05FAF00F017E5 /* GTQDetailNavBar.m */; };
		C496A7D01CE0682200F017E5 /* GTQSelectView.m in Sources */ = {isa = PBXBuildFile; fileRef = C496A7CF1CE0682200F017E5 /* GTQSelectView.m */; };
		C496A7D31CE0693800F017E5 /* GTQSelectButton.m in Sources */ = {isa = PBXBuildFile; fileRef = C496A7D21CE0693800F017E5 /* GTQSelectButton.m */; };
		C496A7D61CE06CCD00F017E5 /* GTQDetailModel.m in Sources */ = {isa = PBXBuildFile; fileRef = C496A7D51CE06CCD00F017E5 /* GTQDetailModel.m */; };
		C496A7D91CE06D4500F017E5 /* GTQInfoModel.m in Sources */ = {isa = PBXBuildFile; fileRef = C496A7D81CE06D4500F017E5 /* GTQInfoModel.m */; };
		C496A7DC1CE06D8500F017E5 /* GTQRmdCellModel.m in Sources */ = {isa = PBXBuildFile; fileRef = C496A7DB1CE06D8500F017E5 /* GTQRmdCellModel.m */; };
		C496A7DF1CE06DAA00F017E5 /* GTQArticleModel.m in Sources */ = {isa = PBXBuildFile; fileRef = C496A7DE1CE06DAA00F017E5 /* GTQArticleModel.m */; };
		C496A7E21CE073FE00F017E5 /* GTQDetailRmdTableHeadView.m in Sources */ = {isa = PBXBuildFile; fileRef = C496A7E11CE073FE00F017E5 /* GTQDetailRmdTableHeadView.m */; };
		C496A7E51CE0741900F017E5 /* GTQDetailTableFootView.m in Sources */ = {isa = PBXBuildFile; fileRef = C496A7E41CE0741900F017E5 /* GTQDetailTableFootView.m */; };
		C496A7EB1CE0791000F017E5 /* GTQDetailRmdTableHeadView.xib in Resources */ = {isa = PBXBuildFile; fileRef = C496A7EA1CE0791000F017E5 /* GTQDetailRmdTableHeadView.xib */; };
		C496A7ED1CE0799E00F017E5 /* GTQDetailFootView.xib in Resources */ = {isa = PBXBuildFile; fileRef = C496A7EC1CE0799E00F017E5 /* GTQDetailFootView.xib */; };
		C496A7F11CE079F500F017E5 /* GTQRmdPictureCell.m in Sources */ = {isa = PBXBuildFile; fileRef = C496A7EF1CE079F500F017E5 /* GTQRmdPictureCell.m */; };
		C496A7F21CE079F500F017E5 /* GTQRmdPictureCell.xib in Resources */ = {isa = PBXBuildFile; fileRef = C496A7F01CE079F500F017E5 /* GTQRmdPictureCell.xib */; };
		C496A7F61CE0813100F017E5 /* GTQRmdTextCell.m in Sources */ = {isa = PBXBuildFile; fileRef = C496A7F41CE0813100F017E5 /* GTQRmdTextCell.m */; };
		C496A7F71CE0813100F017E5 /* GTQRmdTextCell.xib in Resources */ = {isa = PBXBuildFile; fileRef = C496A7F51CE0813100F017E5 /* GTQRmdTextCell.xib */; };
		C496A7FB1CE0817800F017E5 /* GTQInfoCell.m in Sources */ = {isa = PBXBuildFile; fileRef = C496A7F91CE0817800F017E5 /* GTQInfoCell.m */; };
		C496A7FF1CE0819700F017E5 /* GTQUserInfoView.m in Sources */ = {isa = PBXBuildFile; fileRef = C496A7FE1CE0819700F017E5 /* GTQUserInfoView.m */; };
		C496A8021CE081B600F017E5 /* GTQBeenAndCollectView.m in Sources */ = {isa = PBXBuildFile; fileRef = C496A8011CE081B600F017E5 /* GTQBeenAndCollectView.m */; };
		C496A8041CE0878700F017E5 /* GTQInfoCell.xib in Resources */ = {isa = PBXBuildFile; fileRef = C496A8031CE0878700F017E5 /* GTQInfoCell.xib */; };
		C496A8061CE08EFC00F017E5 /* GTQBeenAndCollectView.xib in Resources */ = {isa = PBXBuildFile; fileRef = C496A8051CE08EFC00F017E5 /* GTQBeenAndCollectView.xib */; };
		C496A80B1CE0981D00F017E5 /* GTQUserInfoView.xib in Resources */ = {isa = PBXBuildFile; fileRef = C496A80A1CE0981D00F017E5 /* GTQUserInfoView.xib */; };
		C496A80D1CE09D1E00F017E5 /* gender in Resources */ = {isa = PBXBuildFile; fileRef = C496A80C1CE09D1E00F017E5 /* gender */; };
		C496A8101CE1824600F017E5 /* GTQUserInfosViewController.m in Sources */ = {isa = PBXBuildFile; fileRef = C496A80F1CE1824600F017E5 /* GTQUserInfosViewController.m */; };
		C496A8131CE1B53000F017E5 /* GTQSearchTextField.m in Sources */ = {isa = PBXBuildFile; fileRef = C496A8121CE1B53000F017E5 /* GTQSearchTextField.m */; };
		C496A8161CE1B64100F017E5 /* GTQSearchHeadView.m in Sources */ = {isa = PBXBuildFile; fileRef = C496A8151CE1B64100F017E5 /* GTQSearchHeadView.m */; };
		C496A81A1CE1B73F00F017E5 /* GTQSearchHistoryCell.m in Sources */ = {isa = PBXBuildFile; fileRef = C496A8181CE1B73F00F017E5 /* GTQSearchHistoryCell.m */; };
		C496A81B1CE1B73F00F017E5 /* GTQSearchHistoryCell.xib in Resources */ = {isa = PBXBuildFile; fileRef = C496A8191CE1B73F00F017E5 /* GTQSearchHistoryCell.xib */; };
		C496A81F1CE1BB0E00F017E5 /* HotSearchCell.m in Sources */ = {isa = PBXBuildFile; fileRef = C496A81D1CE1BB0D00F017E5 /* HotSearchCell.m */; };
		C496A8221CE1BB9100F017E5 /* HotSearchCell.xib in Resources */ = {isa = PBXBuildFile; fileRef = C496A8211CE1BB9100F017E5 /* HotSearchCell.xib */; };
		C496A8281CE1D3B700F017E5 /* GTQMessageModel.m in Sources */ = {isa = PBXBuildFile; fileRef = C496A8271CE1D3B700F017E5 /* GTQMessageModel.m */; };
		C496A82C1CE1DE1200F017E5 /* GTQMessageCell.m in Sources */ = {isa = PBXBuildFile; fileRef = C496A82A1CE1DE1200F017E5 /* GTQMessageCell.m */; };
		C496A8301CE1DE2E00F017E5 /* GTQHaveNoMessageView.m in Sources */ = {isa = PBXBuildFile; fileRef = C496A82F1CE1DE2E00F017E5 /* GTQHaveNoMessageView.m */; };
		C496A8321CE1DE5D00F017E5 /* GTQHaveNoMessageView.xib in Resources */ = {isa = PBXBuildFile; fileRef = C496A8311CE1DE5D00F017E5 /* GTQHaveNoMessageView.xib */; };
		C496A8361CE1DE8B00F017E5 /* GTQMessageRefreshHeader.m in Sources */ = {isa = PBXBuildFile; fileRef = C496A8351CE1DE8B00F017E5 /* GTQMessageRefreshHeader.m */; };
		C496A8391CE1DEAB00F017E5 /* GTQMessageDeleteButton.m in Sources */ = {isa = PBXBuildFile; fileRef = C496A8381CE1DEAB00F017E5 /* GTQMessageDeleteButton.m */; };
		C496A83B1CE1DEFD00F017E5 /* GTQMessageCell.xib in Resources */ = {isa = PBXBuildFile; fileRef = C496A83A1CE1DEFD00F017E5 /* GTQMessageCell.xib */; };
		C496A83E1CE1E86400F017E5 /* GTQMessagePushViewController.m in Sources */ = {isa = PBXBuildFile; fileRef = C496A83D1CE1E86400F017E5 /* GTQMessagePushViewController.m */; };
		C496A8441CE2C92200F017E5 /* GTQSettingView.m in Sources */ = {isa = PBXBuildFile; fileRef = C496A8431CE2C92200F017E5 /* GTQSettingView.m */; };
/* End PBXBuildFile section */

/* Begin PBXContainerItemProxy section */
		C496A6791CD8924800F017E5 /* PBXContainerItemProxy */ = {
			isa = PBXContainerItemProxy;
			containerPortal = C496A6571CD8924800F017E5 /* Project object */;
			proxyType = 1;
			remoteGlobalIDString = C496A65E1CD8924800F017E5;
			remoteInfo = GTQHuntForCity;
		};
		C496A6841CD8924800F017E5 /* PBXContainerItemProxy */ = {
			isa = PBXContainerItemProxy;
			containerPortal = C496A6571CD8924800F017E5 /* Project object */;
			proxyType = 1;
			remoteGlobalIDString = C496A65E1CD8924800F017E5;
			remoteInfo = GTQHuntForCity;
		};
/* End PBXContainerItemProxy section */

/* Begin PBXFileReference section */
		217AF2A41D217F83764919B2 /* Pods.release.xcconfig */ = {isa = PBXFileReference; includeInIndex = 1; lastKnownFileType = text.xcconfig; name = Pods.release.xcconfig; path = "Pods/Target Support Files/Pods/Pods.release.xcconfig"; sourceTree = "<group>"; };
		38CAB39587B16DFF64E21BAA /* libPods.a */ = {isa = PBXFileReference; explicitFileType = archive.ar; includeInIndex = 0; path = libPods.a; sourceTree = BUILT_PRODUCTS_DIR; };
		49EEF66DCED2C0C4DD3FE2B6 /* Pods.debug.xcconfig */ = {isa = PBXFileReference; includeInIndex = 1; lastKnownFileType = text.xcconfig; name = Pods.debug.xcconfig; path = "Pods/Target Support Files/Pods/Pods.debug.xcconfig"; sourceTree = "<group>"; };
		C496A65F1CD8924800F017E5 /* GTQHuntForCity.app */ = {isa = PBXFileReference; explicitFileType = wrapper.application; includeInIndex = 0; path = GTQHuntForCity.app; sourceTree = BUILT_PRODUCTS_DIR; };
		C496A6631CD8924800F017E5 /* main.m */ = {isa = PBXFileReference; lastKnownFileType = sourcecode.c.objc; path = main.m; sourceTree = "<group>"; };
		C496A66C1CD8924800F017E5 /* Base */ = {isa = PBXFileReference; lastKnownFileType = file.storyboard; name = Base; path = Base.lproj/Main.storyboard; sourceTree = "<group>"; };
		C496A66E1CD8924800F017E5 /* Assets.xcassets */ = {isa = PBXFileReference; lastKnownFileType = folder.assetcatalog; path = Assets.xcassets; sourceTree = "<group>"; };
		C496A6731CD8924800F017E5 /* Info.plist */ = {isa = PBXFileReference; lastKnownFileType = text.plist.xml; path = Info.plist; sourceTree = "<group>"; };
		C496A6781CD8924800F017E5 /* GTQHuntForCityTests.xctest */ = {isa = PBXFileReference; explicitFileType = wrapper.cfbundle; includeInIndex = 0; path = GTQHuntForCityTests.xctest; sourceTree = BUILT_PRODUCTS_DIR; };
		C496A67C1CD8924800F017E5 /* GTQHuntForCityTests.m */ = {isa = PBXFileReference; lastKnownFileType = sourcecode.c.objc; path = GTQHuntForCityTests.m; sourceTree = "<group>"; };
		C496A67E1CD8924800F017E5 /* Info.plist */ = {isa = PBXFileReference; lastKnownFileType = text.plist.xml; path = Info.plist; sourceTree = "<group>"; };
		C496A6831CD8924800F017E5 /* GTQHuntForCityUITests.xctest */ = {isa = PBXFileReference; explicitFileType = wrapper.cfbundle; includeInIndex = 0; path = GTQHuntForCityUITests.xctest; sourceTree = BUILT_PRODUCTS_DIR; };
		C496A6871CD8924800F017E5 /* GTQHuntForCityUITests.m */ = {isa = PBXFileReference; lastKnownFileType = sourcecode.c.objc; path = GTQHuntForCityUITests.m; sourceTree = "<group>"; };
		C496A6891CD8924800F017E5 /* Info.plist */ = {isa = PBXFileReference; lastKnownFileType = text.plist.xml; path = Info.plist; sourceTree = "<group>"; };
		C496A6AF1CD8B5E900F017E5 /* GTQPrefixHeader.h */ = {isa = PBXFileReference; lastKnownFileType = sourcecode.c.h; path = GTQPrefixHeader.h; sourceTree = "<group>"; };
		C496A6E11CD9F5C300F017E5 /* UIBarButtonItem+quickInit.h */ = {isa = PBXFileReference; fileEncoding = 4; lastKnownFileType = sourcecode.c.h; path = "UIBarButtonItem+quickInit.h"; sourceTree = "<group>"; };
		C496A6E21CD9F5C300F017E5 /* UIBarButtonItem+quickInit.m */ = {isa = PBXFileReference; fileEncoding = 4; lastKnownFileType = sourcecode.c.objc; path = "UIBarButtonItem+quickInit.m"; sourceTree = "<group>"; };
		C496A6E31CD9F5C300F017E5 /* UIButton+GTQButton.h */ = {isa = PBXFileReference; fileEncoding = 4; lastKnownFileType = sourcecode.c.h; path = "UIButton+GTQButton.h"; sourceTree = "<group>"; };
		C496A6E41CD9F5C300F017E5 /* UIButton+GTQButton.m */ = {isa = PBXFileReference; fileEncoding = 4; lastKnownFileType = sourcecode.c.objc; path = "UIButton+GTQButton.m"; sourceTree = "<group>"; };
		C496A6E51CD9F5C300F017E5 /* UIColor+GTQColor.h */ = {isa = PBXFileReference; fileEncoding = 4; lastKnownFileType = sourcecode.c.h; path = "UIColor+GTQColor.h"; sourceTree = "<group>"; };
		C496A6E61CD9F5C300F017E5 /* UIColor+GTQColor.m */ = {isa = PBXFileReference; fileEncoding = 4; lastKnownFileType = sourcecode.c.objc; path = "UIColor+GTQColor.m"; sourceTree = "<group>"; };
		C496A6E71CD9F5C300F017E5 /* UILabel+GTQLabel.h */ = {isa = PBXFileReference; fileEncoding = 4; lastKnownFileType = sourcecode.c.h; path = "UILabel+GTQLabel.h"; sourceTree = "<group>"; };
		C496A6E81CD9F5C300F017E5 /* UILabel+GTQLabel.m */ = {isa = PBXFileReference; fileEncoding = 4; lastKnownFileType = sourcecode.c.objc; path = "UILabel+GTQLabel.m"; sourceTree = "<group>"; };
		C496A71E1CD9F7C800F017E5 /* AppDelegate.h */ = {isa = PBXFileReference; fileEncoding = 4; lastKnownFileType = sourcecode.c.h; path = AppDelegate.h; sourceTree = "<group>"; };
		C496A71F1CD9F7C800F017E5 /* AppDelegate.m */ = {isa = PBXFileReference; fileEncoding = 4; lastKnownFileType = sourcecode.c.objc; path = AppDelegate.m; sourceTree = "<group>"; };
		C496A7211CD9F7FE00F017E5 /* GTQHomeViewController.h */ = {isa = PBXFileReference; fileEncoding = 4; lastKnownFileType = sourcecode.c.h; path = GTQHomeViewController.h; sourceTree = "<group>"; };
		C496A7221CD9F7FE00F017E5 /* GTQHomeViewController.m */ = {isa = PBXFileReference; fileEncoding = 4; lastKnownFileType = sourcecode.c.objc; path = GTQHomeViewController.m; sourceTree = "<group>"; };
		C496A7241CD9F83F00F017E5 /* GTQFoundViewController.h */ = {isa = PBXFileReference; fileEncoding = 4; lastKnownFileType = sourcecode.c.h; path = GTQFoundViewController.h; sourceTree = "<group>"; };
		C496A7251CD9F83F00F017E5 /* GTQFoundViewController.m */ = {isa = PBXFileReference; fileEncoding = 4; lastKnownFileType = sourcecode.c.objc; path = GTQFoundViewController.m; sourceTree = "<group>"; };
		C496A7271CD9F89A00F017E5 /* GTQBaseViewController.h */ = {isa = PBXFileReference; fileEncoding = 4; lastKnownFileType = sourcecode.c.h; path = GTQBaseViewController.h; sourceTree = "<group>"; };
		C496A7281CD9F89A00F017E5 /* GTQBaseViewController.m */ = {isa = PBXFileReference; fileEncoding = 4; lastKnownFileType = sourcecode.c.objc; path = GTQBaseViewController.m; sourceTree = "<group>"; };
		C496A7291CD9F89A00F017E5 /* GTQCityButton.h */ = {isa = PBXFileReference; fileEncoding = 4; lastKnownFileType = sourcecode.c.h; path = GTQCityButton.h; sourceTree = "<group>"; };
		C496A72A1CD9F89A00F017E5 /* GTQCityButton.m */ = {isa = PBXFileReference; fileEncoding = 4; lastKnownFileType = sourcecode.c.objc; path = GTQCityButton.m; sourceTree = "<group>"; };
		C496A72B1CD9F89A00F017E5 /* GTQLeftMenuView.h */ = {isa = PBXFileReference; fileEncoding = 4; lastKnownFileType = sourcecode.c.h; path = GTQLeftMenuView.h; sourceTree = "<group>"; };
		C496A72C1CD9F89A00F017E5 /* GTQLeftMenuView.m */ = {isa = PBXFileReference; fileEncoding = 4; lastKnownFileType = sourcecode.c.objc; path = GTQLeftMenuView.m; sourceTree = "<group>"; };
		C496A72D1CD9F89A00F017E5 /* GTQLeftMenuView.xib */ = {isa = PBXFileReference; fileEncoding = 4; lastKnownFileType = file.xib; path = GTQLeftMenuView.xib; sourceTree = "<group>"; };
		C496A72E1CD9F89A00F017E5 /* GTQMainViewController.h */ = {isa = PBXFileReference; fileEncoding = 4; lastKnownFileType = sourcecode.c.h; path = GTQMainViewController.h; sourceTree = "<group>"; };
		C496A72F1CD9F89A00F017E5 /* GTQMainViewController.m */ = {isa = PBXFileReference; fileEncoding = 4; lastKnownFileType = sourcecode.c.objc; path = GTQMainViewController.m; sourceTree = "<group>"; };
		C496A7301CD9F89A00F017E5 /* GTQMenuButton.h */ = {isa = PBXFileReference; fileEncoding = 4; lastKnownFileType = sourcecode.c.h; path = GTQMenuButton.h; sourceTree = "<group>"; };
		C496A7311CD9F89A00F017E5 /* GTQMenuButton.m */ = {isa = PBXFileReference; fileEncoding = 4; lastKnownFileType = sourcecode.c.objc; path = GTQMenuButton.m; sourceTree = "<group>"; };
		C496A7321CD9F89A00F017E5 /* GTQNavigationController.h */ = {isa = PBXFileReference; fileEncoding = 4; lastKnownFileType = sourcecode.c.h; path = GTQNavigationController.h; sourceTree = "<group>"; };
		C496A7331CD9F89A00F017E5 /* GTQNavigationController.m */ = {isa = PBXFileReference; fileEncoding = 4; lastKnownFileType = sourcecode.c.objc; path = GTQNavigationController.m; sourceTree = "<group>"; };
		C496A73C1CD9F8FB00F017E5 /* GTQBeenViewController.h */ = {isa = PBXFileReference; fileEncoding = 4; lastKnownFileType = sourcecode.c.h; path = GTQBeenViewController.h; sourceTree = "<group>"; };
		C496A73D1CD9F8FB00F017E5 /* GTQBeenViewController.m */ = {isa = PBXFileReference; fileEncoding = 4; lastKnownFileType = sourcecode.c.objc; path = GTQBeenViewController.m; sourceTree = "<group>"; };
		C496A73F1CD9F8FB00F017E5 /* GTQCollectionViewController.h */ = {isa = PBXFileReference; fileEncoding = 4; lastKnownFileType = sourcecode.c.h; path = GTQCollectionViewController.h; sourceTree = "<group>"; };
		C496A7401CD9F8FB00F017E5 /* GTQCollectionViewController.m */ = {isa = PBXFileReference; fileEncoding = 4; lastKnownFileType = sourcecode.c.objc; path = GTQCollectionViewController.m; sourceTree = "<group>"; };
		C496A7421CD9F8FB00F017E5 /* GTQMessageViewController.h */ = {isa = PBXFileReference; fileEncoding = 4; lastKnownFileType = sourcecode.c.h; path = GTQMessageViewController.h; sourceTree = "<group>"; };
		C496A7431CD9F8FB00F017E5 /* GTQMessageViewController.m */ = {isa = PBXFileReference; fileEncoding = 4; lastKnownFileType = sourcecode.c.objc; path = GTQMessageViewController.m; sourceTree = "<group>"; };
		C496A7451CD9F8FB00F017E5 /* GTQSettingViewController.h */ = {isa = PBXFileReference; fileEncoding = 4; lastKnownFileType = sourcecode.c.h; path = GTQSettingViewController.h; sourceTree = "<group>"; };
		C496A7461CD9F8FB00F017E5 /* GTQSettingViewController.m */ = {isa = PBXFileReference; fileEncoding = 4; lastKnownFileType = sourcecode.c.objc; path = GTQSettingViewController.m; sourceTree = "<group>"; };
		C496A7481CD9F8FB00F017E5 /* GTQUserViewController.h */ = {isa = PBXFileReference; fileEncoding = 4; lastKnownFileType = sourcecode.c.h; path = GTQUserViewController.h; sourceTree = "<group>"; };
		C496A7491CD9F8FB00F017E5 /* GTQUserViewController.m */ = {isa = PBXFileReference; fileEncoding = 4; lastKnownFileType = sourcecode.c.objc; path = GTQUserViewController.m; sourceTree = "<group>"; };
		C496A7581CDAE67D00F017E5 /* GTQHomeModel.h */ = {isa = PBXFileReference; fileEncoding = 4; lastKnownFileType = sourcecode.c.h; path = GTQHomeModel.h; sourceTree = "<group>"; };
		C496A7591CDAE67D00F017E5 /* GTQHomeModel.m */ = {isa = PBXFileReference; fileEncoding = 4; lastKnownFileType = sourcecode.c.objc; path = GTQHomeModel.m; sourceTree = "<group>"; };
		C496A75B1CDAE6F100F017E5 /* GTQHomeCellModel.h */ = {isa = PBXFileReference; fileEncoding = 4; lastKnownFileType = sourcecode.c.h; path = GTQHomeCellModel.h; sourceTree = "<group>"; };
		C496A75C1CDAE6F100F017E5 /* GTQHomeCellModel.m */ = {isa = PBXFileReference; fileEncoding = 4; lastKnownFileType = sourcecode.c.objc; path = GTQHomeCellModel.m; sourceTree = "<group>"; };
		C496A75E1CDAE84400F017E5 /* HomeDatas.plist */ = {isa = PBXFileReference; fileEncoding = 4; lastKnownFileType = text.plist.xml; path = HomeDatas.plist; sourceTree = "<group>"; };
		C496A7601CDAEABF00F017E5 /* GTQRmdHeaderView.h */ = {isa = PBXFileReference; fileEncoding = 4; lastKnownFileType = sourcecode.c.h; path = GTQRmdHeaderView.h; sourceTree = "<group>"; };
		C496A7611CDAEABF00F017E5 /* GTQRmdHeaderView.m */ = {isa = PBXFileReference; fileEncoding = 4; lastKnownFileType = sourcecode.c.objc; path = GTQRmdHeaderView.m; sourceTree = "<group>"; };
		C496A7631CDAEADF00F017E5 /* GTQRmdTableViewCell.h */ = {isa = PBXFileReference; fileEncoding = 4; lastKnownFileType = sourcecode.c.h; path = GTQRmdTableViewCell.h; sourceTree = "<group>"; };
		C496A7641CDAEADF00F017E5 /* GTQRmdTableViewCell.m */ = {isa = PBXFileReference; fileEncoding = 4; lastKnownFileType = sourcecode.c.objc; path = GTQRmdTableViewCell.m; sourceTree = "<group>"; };
		C496A7651CDAEADF00F017E5 /* GTQRmdTableViewCell.xib */ = {isa = PBXFileReference; fileEncoding = 4; lastKnownFileType = file.xib; path = GTQRmdTableViewCell.xib; sourceTree = "<group>"; };
		C496A7681CDAFBC900F017E5 /* GTQRmdHeaderView.xib */ = {isa = PBXFileReference; fileEncoding = 4; lastKnownFileType = file.xib; path = GTQRmdHeaderView.xib; sourceTree = "<group>"; };
		C496A76A1CDB2F2A00F017E5 /* GTQDetailViewController.h */ = {isa = PBXFileReference; fileEncoding = 4; lastKnownFileType = sourcecode.c.h; path = GTQDetailViewController.h; sourceTree = "<group>"; };
		C496A76B1CDB2F2A00F017E5 /* GTQDetailViewController.m */ = {isa = PBXFileReference; fileEncoding = 4; lastKnownFileType = sourcecode.c.objc; path = GTQDetailViewController.m; sourceTree = "<group>"; };
		C496A7711CDB2F8A00F017E5 /* GTQHeaderPushViewController.h */ = {isa = PBXFileReference; fileEncoding = 4; lastKnownFileType = sourcecode.c.h; path = GTQHeaderPushViewController.h; sourceTree = "<group>"; };
		C496A7721CDB2F8A00F017E5 /* GTQHeaderPushViewController.m */ = {isa = PBXFileReference; fileEncoding = 4; lastKnownFileType = sourcecode.c.objc; path = GTQHeaderPushViewController.m; sourceTree = "<group>"; };
		C496A7741CDB325E00F017E5 /* GTQCustomNavBar.h */ = {isa = PBXFileReference; fileEncoding = 4; lastKnownFileType = sourcecode.c.h; path = GTQCustomNavBar.h; sourceTree = "<group>"; };
		C496A7751CDB325E00F017E5 /* GTQCustomNavBar.m */ = {isa = PBXFileReference; fileEncoding = 4; lastKnownFileType = sourcecode.c.objc; path = GTQCustomNavBar.m; sourceTree = "<group>"; };
		C496A7771CDB339200F017E5 /* GTQCustomNavTitleView.h */ = {isa = PBXFileReference; fileEncoding = 4; lastKnownFileType = sourcecode.c.h; path = GTQCustomNavTitleView.h; sourceTree = "<group>"; };
		C496A7781CDB339200F017E5 /* GTQCustomNavTitleView.m */ = {isa = PBXFileReference; fileEncoding = 4; lastKnownFileType = sourcecode.c.objc; path = GTQCustomNavTitleView.m; sourceTree = "<group>"; };
		C496A77A1CDB3CC500F017E5 /* GTQUnLoginView.h */ = {isa = PBXFileReference; fileEncoding = 4; lastKnownFileType = sourcecode.c.h; path = GTQUnLoginView.h; sourceTree = "<group>"; };
		C496A77B1CDB3CC500F017E5 /* GTQUnLoginView.m */ = {isa = PBXFileReference; fileEncoding = 4; lastKnownFileType = sourcecode.c.objc; path = GTQUnLoginView.m; sourceTree = "<group>"; };
		C496A77D1CDB3DDE00F017E5 /* GTQUnLoginView.xib */ = {isa = PBXFileReference; fileEncoding = 4; lastKnownFileType = file.xib; path = GTQUnLoginView.xib; sourceTree = "<group>"; };
		C496A77F1CDB428800F017E5 /* GTQPromptView.h */ = {isa = PBXFileReference; fileEncoding = 4; lastKnownFileType = sourcecode.c.h; path = GTQPromptView.h; sourceTree = "<group>"; };
		C496A7801CDB428900F017E5 /* GTQPromptView.m */ = {isa = PBXFileReference; fileEncoding = 4; lastKnownFileType = sourcecode.c.objc; path = GTQPromptView.m; sourceTree = "<group>"; };
		C496A7821CDB42DF00F017E5 /* GTQPromptView.xib */ = {isa = PBXFileReference; fileEncoding = 4; lastKnownFileType = file.xib; path = GTQPromptView.xib; sourceTree = "<group>"; };
		C496A7841CDB4E2F00F017E5 /* GTQShowViewController.h */ = {isa = PBXFileReference; fileEncoding = 4; lastKnownFileType = sourcecode.c.h; path = GTQShowViewController.h; sourceTree = "<group>"; };
		C496A7851CDB4E2F00F017E5 /* GTQShowViewController.m */ = {isa = PBXFileReference; fileEncoding = 4; lastKnownFileType = sourcecode.c.objc; path = GTQShowViewController.m; sourceTree = "<group>"; };
		C496A7871CDB4E9A00F017E5 /* GTQConditionView.h */ = {isa = PBXFileReference; fileEncoding = 4; lastKnownFileType = sourcecode.c.h; path = GTQConditionView.h; sourceTree = "<group>"; };
		C496A7881CDB4E9A00F017E5 /* GTQConditionView.m */ = {isa = PBXFileReference; fileEncoding = 4; lastKnownFileType = sourcecode.c.objc; path = GTQConditionView.m; sourceTree = "<group>"; };
		C496A78A1CDB4EBD00F017E5 /* GTQRenderBlurView.h */ = {isa = PBXFileReference; fileEncoding = 4; lastKnownFileType = sourcecode.c.h; path = GTQRenderBlurView.h; sourceTree = "<group>"; };
		C496A78B1CDB4EBD00F017E5 /* GTQRenderBlurView.m */ = {isa = PBXFileReference; fileEncoding = 4; lastKnownFileType = sourcecode.c.objc; path = GTQRenderBlurView.m; sourceTree = "<group>"; };
		C496A78E1CDB4F0B00F017E5 /* GTQMapViewController.h */ = {isa = PBXFileReference; fileEncoding = 4; lastKnownFileType = sourcecode.c.h; path = GTQMapViewController.h; sourceTree = "<group>"; };
		C496A78F1CDB4F0B00F017E5 /* GTQMapViewController.m */ = {isa = PBXFileReference; fileEncoding = 4; lastKnownFileType = sourcecode.c.objc; path = GTQMapViewController.m; sourceTree = "<group>"; };
		C496A7911CDB503E00F017E5 /* detailJson */ = {isa = PBXFileReference; fileEncoding = 4; lastKnownFileType = text; path = detailJson; sourceTree = "<group>"; };
		C496A7921CDB503E00F017E5 /* foundData.plist */ = {isa = PBXFileReference; fileEncoding = 4; lastKnownFileType = text.plist.xml; path = foundData.plist; sourceTree = "<group>"; };
		C496A7931CDB503E00F017E5 /* blurData.plist */ = {isa = PBXFileReference; fileEncoding = 4; lastKnownFileType = text.plist.xml; path = blurData.plist; sourceTree = "<group>"; };
		C496A7941CDB503E00F017E5 /* MessageData.plist */ = {isa = PBXFileReference; fileEncoding = 4; lastKnownFileType = text.plist.xml; path = MessageData.plist; sourceTree = "<group>"; };
		C496A7951CDB503E00F017E5 /* CellDatas.plist */ = {isa = PBXFileReference; fileEncoding = 4; lastKnownFileType = text.plist.xml; path = CellDatas.plist; sourceTree = "<group>"; };
		C496A7961CDB503E00F017E5 /* infoDatas.plist */ = {isa = PBXFileReference; fileEncoding = 4; lastKnownFileType = text.plist.xml; path = infoDatas.plist; sourceTree = "<group>"; };
		C496A7A01CDC313400F017E5 /* GTQFoundCellModel.h */ = {isa = PBXFileReference; fileEncoding = 4; lastKnownFileType = sourcecode.c.h; path = GTQFoundCellModel.h; sourceTree = "<group>"; };
		C496A7A11CDC313400F017E5 /* GTQFoundCellModel.m */ = {isa = PBXFileReference; fileEncoding = 4; lastKnownFileType = sourcecode.c.objc; path = GTQFoundCellModel.m; sourceTree = "<group>"; };
		C496A7A41CDC33BC00F017E5 /* GTQFoundViewLayout.h */ = {isa = PBXFileReference; fileEncoding = 4; lastKnownFileType = sourcecode.c.h; path = GTQFoundViewLayout.h; sourceTree = "<group>"; };
		C496A7A51CDC33BC00F017E5 /* GTQFoundViewLayout.m */ = {isa = PBXFileReference; fileEncoding = 4; lastKnownFileType = sourcecode.c.objc; path = GTQFoundViewLayout.m; sourceTree = "<group>"; };
		C496A7A71CDC35FA00F017E5 /* GTQFoundCollectionViewCell.h */ = {isa = PBXFileReference; fileEncoding = 4; lastKnownFileType = sourcecode.c.h; path = GTQFoundCollectionViewCell.h; sourceTree = "<group>"; };
		C496A7A81CDC35FA00F017E5 /* GTQFoundCollectionViewCell.m */ = {isa = PBXFileReference; fileEncoding = 4; lastKnownFileType = sourcecode.c.objc; path = GTQFoundCollectionViewCell.m; sourceTree = "<group>"; };
		C496A7A91CDC35FA00F017E5 /* GTQFoundCollectionViewCell.xib */ = {isa = PBXFileReference; fileEncoding = 4; lastKnownFileType = file.xib; path = GTQFoundCollectionViewCell.xib; sourceTree = "<group>"; };
		C496A7AC1CDC3D9A00F017E5 /* GTQHeaderCollectionReusableView.h */ = {isa = PBXFileReference; fileEncoding = 4; lastKnownFileType = sourcecode.c.h; path = GTQHeaderCollectionReusableView.h; sourceTree = "<group>"; };
		C496A7AD1CDC3D9A00F017E5 /* GTQHeaderCollectionReusableView.m */ = {isa = PBXFileReference; fileEncoding = 4; lastKnownFileType = sourcecode.c.objc; path = GTQHeaderCollectionReusableView.m; sourceTree = "<group>"; };
		C496A7AF1CDC444B00F017E5 /* GTQFoundHeaderModel.h */ = {isa = PBXFileReference; fileEncoding = 4; lastKnownFileType = sourcecode.c.h; path = GTQFoundHeaderModel.h; sourceTree = "<group>"; };
		C496A7B01CDC444B00F017E5 /* GTQFoundHeaderModel.m */ = {isa = PBXFileReference; fileEncoding = 4; lastKnownFileType = sourcecode.c.objc; path = GTQFoundHeaderModel.m; sourceTree = "<group>"; };
		C496A7B21CDC6CF200F017E5 /* GTQRefreshHeader.h */ = {isa = PBXFileReference; fileEncoding = 4; lastKnownFileType = sourcecode.c.h; path = GTQRefreshHeader.h; sourceTree = "<group>"; };
		C496A7B31CDC6CF200F017E5 /* GTQRefreshHeader.m */ = {isa = PBXFileReference; fileEncoding = 4; lastKnownFileType = sourcecode.c.objc; path = GTQRefreshHeader.m; sourceTree = "<group>"; };
		C496A7B51CDC6DFB00F017E5 /* UIImage+Size.h */ = {isa = PBXFileReference; fileEncoding = 4; lastKnownFileType = sourcecode.c.h; path = "UIImage+Size.h"; sourceTree = "<group>"; };
		C496A7B61CDC6DFB00F017E5 /* UIImage+Size.m */ = {isa = PBXFileReference; fileEncoding = 4; lastKnownFileType = sourcecode.c.objc; path = "UIImage+Size.m"; sourceTree = "<group>"; };
		C496A7BC1CDC8BC100F017E5 /* GTQBlurCell.h */ = {isa = PBXFileReference; fileEncoding = 4; lastKnownFileType = sourcecode.c.h; path = GTQBlurCell.h; sourceTree = "<group>"; };
		C496A7BD1CDC8BC100F017E5 /* GTQBlurCell.m */ = {isa = PBXFileReference; fileEncoding = 4; lastKnownFileType = sourcecode.c.objc; path = GTQBlurCell.m; sourceTree = "<group>"; };
		C496A7BF1CDC8BDA00F017E5 /* GTQBlurCell.xib */ = {isa = PBXFileReference; fileEncoding = 4; lastKnownFileType = file.xib; path = GTQBlurCell.xib; sourceTree = "<group>"; };
		C496A7C51CDC9D0000F017E5 /* GTQSearchViewController.h */ = {isa = PBXFileReference; fileEncoding = 4; lastKnownFileType = sourcecode.c.h; path = GTQSearchViewController.h; sourceTree = "<group>"; };
		C496A7C61CDC9D0000F017E5 /* GTQSearchViewController.m */ = {isa = PBXFileReference; fileEncoding = 4; lastKnownFileType = sourcecode.c.objc; path = GTQSearchViewController.m; sourceTree = "<group>"; };
		C496A7C81CE02A6100F017E5 /* GTQScrollHeadView.h */ = {isa = PBXFileReference; fileEncoding = 4; lastKnownFileType = sourcecode.c.h; path = GTQScrollHeadView.h; sourceTree = "<group>"; };
		C496A7C91CE02A6100F017E5 /* GTQScrollHeadView.m */ = {isa = PBXFileReference; fileEncoding = 4; lastKnownFileType = sourcecode.c.objc; path = GTQScrollHeadView.m; sourceTree = "<group>"; };
		C496A7CB1CE05FAF00F017E5 /* GTQDetailNavBar.h */ = {isa = PBXFileReference; fileEncoding = 4; lastKnownFileType = sourcecode.c.h; path = GTQDetailNavBar.h; sourceTree = "<group>"; };
		C496A7CC1CE05FAF00F017E5 /* GTQDetailNavBar.m */ = {isa = PBXFileReference; fileEncoding = 4; lastKnownFileType = sourcecode.c.objc; path = GTQDetailNavBar.m; sourceTree = "<group>"; };
		C496A7CE1CE0682200F017E5 /* GTQSelectView.h */ = {isa = PBXFileReference; fileEncoding = 4; lastKnownFileType = sourcecode.c.h; path = GTQSelectView.h; sourceTree = "<group>"; };
		C496A7CF1CE0682200F017E5 /* GTQSelectView.m */ = {isa = PBXFileReference; fileEncoding = 4; lastKnownFileType = sourcecode.c.objc; path = GTQSelectView.m; sourceTree = "<group>"; };
		C496A7D11CE0693800F017E5 /* GTQSelectButton.h */ = {isa = PBXFileReference; fileEncoding = 4; lastKnownFileType = sourcecode.c.h; path = GTQSelectButton.h; sourceTree = "<group>"; };
		C496A7D21CE0693800F017E5 /* GTQSelectButton.m */ = {isa = PBXFileReference; fileEncoding = 4; lastKnownFileType = sourcecode.c.objc; path = GTQSelectButton.m; sourceTree = "<group>"; };
		C496A7D41CE06CCD00F017E5 /* GTQDetailModel.h */ = {isa = PBXFileReference; fileEncoding = 4; lastKnownFileType = sourcecode.c.h; path = GTQDetailModel.h; sourceTree = "<group>"; };
		C496A7D51CE06CCD00F017E5 /* GTQDetailModel.m */ = {isa = PBXFileReference; fileEncoding = 4; lastKnownFileType = sourcecode.c.objc; path = GTQDetailModel.m; sourceTree = "<group>"; };
		C496A7D71CE06D4500F017E5 /* GTQInfoModel.h */ = {isa = PBXFileReference; fileEncoding = 4; lastKnownFileType = sourcecode.c.h; path = GTQInfoModel.h; sourceTree = "<group>"; };
		C496A7D81CE06D4500F017E5 /* GTQInfoModel.m */ = {isa = PBXFileReference; fileEncoding = 4; lastKnownFileType = sourcecode.c.objc; path = GTQInfoModel.m; sourceTree = "<group>"; };
		C496A7DA1CE06D8500F017E5 /* GTQRmdCellModel.h */ = {isa = PBXFileReference; fileEncoding = 4; lastKnownFileType = sourcecode.c.h; path = GTQRmdCellModel.h; sourceTree = "<group>"; };
		C496A7DB1CE06D8500F017E5 /* GTQRmdCellModel.m */ = {isa = PBXFileReference; fileEncoding = 4; lastKnownFileType = sourcecode.c.objc; path = GTQRmdCellModel.m; sourceTree = "<group>"; };
		C496A7DD1CE06DAA00F017E5 /* GTQArticleModel.h */ = {isa = PBXFileReference; fileEncoding = 4; lastKnownFileType = sourcecode.c.h; path = GTQArticleModel.h; sourceTree = "<group>"; };
		C496A7DE1CE06DAA00F017E5 /* GTQArticleModel.m */ = {isa = PBXFileReference; fileEncoding = 4; lastKnownFileType = sourcecode.c.objc; path = GTQArticleModel.m; sourceTree = "<group>"; };
		C496A7E01CE073FE00F017E5 /* GTQDetailRmdTableHeadView.h */ = {isa = PBXFileReference; fileEncoding = 4; lastKnownFileType = sourcecode.c.h; path = GTQDetailRmdTableHeadView.h; sourceTree = "<group>"; };
		C496A7E11CE073FE00F017E5 /* GTQDetailRmdTableHeadView.m */ = {isa = PBXFileReference; fileEncoding = 4; lastKnownFileType = sourcecode.c.objc; path = GTQDetailRmdTableHeadView.m; sourceTree = "<group>"; };
		C496A7E31CE0741900F017E5 /* GTQDetailTableFootView.h */ = {isa = PBXFileReference; fileEncoding = 4; lastKnownFileType = sourcecode.c.h; path = GTQDetailTableFootView.h; sourceTree = "<group>"; };
		C496A7E41CE0741900F017E5 /* GTQDetailTableFootView.m */ = {isa = PBXFileReference; fileEncoding = 4; lastKnownFileType = sourcecode.c.objc; path = GTQDetailTableFootView.m; sourceTree = "<group>"; };
		C496A7EA1CE0791000F017E5 /* GTQDetailRmdTableHeadView.xib */ = {isa = PBXFileReference; fileEncoding = 4; lastKnownFileType = file.xib; path = GTQDetailRmdTableHeadView.xib; sourceTree = "<group>"; };
		C496A7EC1CE0799E00F017E5 /* GTQDetailFootView.xib */ = {isa = PBXFileReference; fileEncoding = 4; lastKnownFileType = file.xib; path = GTQDetailFootView.xib; sourceTree = "<group>"; };
		C496A7EE1CE079F500F017E5 /* GTQRmdPictureCell.h */ = {isa = PBXFileReference; fileEncoding = 4; lastKnownFileType = sourcecode.c.h; path = GTQRmdPictureCell.h; sourceTree = "<group>"; };
		C496A7EF1CE079F500F017E5 /* GTQRmdPictureCell.m */ = {isa = PBXFileReference; fileEncoding = 4; lastKnownFileType = sourcecode.c.objc; path = GTQRmdPictureCell.m; sourceTree = "<group>"; };
		C496A7F01CE079F500F017E5 /* GTQRmdPictureCell.xib */ = {isa = PBXFileReference; fileEncoding = 4; lastKnownFileType = file.xib; path = GTQRmdPictureCell.xib; sourceTree = "<group>"; };
		C496A7F31CE0813100F017E5 /* GTQRmdTextCell.h */ = {isa = PBXFileReference; fileEncoding = 4; lastKnownFileType = sourcecode.c.h; path = GTQRmdTextCell.h; sourceTree = "<group>"; };
		C496A7F41CE0813100F017E5 /* GTQRmdTextCell.m */ = {isa = PBXFileReference; fileEncoding = 4; lastKnownFileType = sourcecode.c.objc; path = GTQRmdTextCell.m; sourceTree = "<group>"; };
		C496A7F51CE0813100F017E5 /* GTQRmdTextCell.xib */ = {isa = PBXFileReference; fileEncoding = 4; lastKnownFileType = file.xib; path = GTQRmdTextCell.xib; sourceTree = "<group>"; };
		C496A7F81CE0817800F017E5 /* GTQInfoCell.h */ = {isa = PBXFileReference; fileEncoding = 4; lastKnownFileType = sourcecode.c.h; path = GTQInfoCell.h; sourceTree = "<group>"; };
		C496A7F91CE0817800F017E5 /* GTQInfoCell.m */ = {isa = PBXFileReference; fileEncoding = 4; lastKnownFileType = sourcecode.c.objc; path = GTQInfoCell.m; sourceTree = "<group>"; };
		C496A7FD1CE0819700F017E5 /* GTQUserInfoView.h */ = {isa = PBXFileReference; fileEncoding = 4; lastKnownFileType = sourcecode.c.h; path = GTQUserInfoView.h; sourceTree = "<group>"; };
		C496A7FE1CE0819700F017E5 /* GTQUserInfoView.m */ = {isa = PBXFileReference; fileEncoding = 4; lastKnownFileType = sourcecode.c.objc; path = GTQUserInfoView.m; sourceTree = "<group>"; };
		C496A8001CE081B600F017E5 /* GTQBeenAndCollectView.h */ = {isa = PBXFileReference; fileEncoding = 4; lastKnownFileType = sourcecode.c.h; path = GTQBeenAndCollectView.h; sourceTree = "<group>"; };
		C496A8011CE081B600F017E5 /* GTQBeenAndCollectView.m */ = {isa = PBXFileReference; fileEncoding = 4; lastKnownFileType = sourcecode.c.objc; path = GTQBeenAndCollectView.m; sourceTree = "<group>"; };
		C496A8031CE0878700F017E5 /* GTQInfoCell.xib */ = {isa = PBXFileReference; fileEncoding = 4; lastKnownFileType = file.xib; path = GTQInfoCell.xib; sourceTree = "<group>"; };
		C496A8051CE08EFC00F017E5 /* GTQBeenAndCollectView.xib */ = {isa = PBXFileReference; fileEncoding = 4; lastKnownFileType = file.xib; path = GTQBeenAndCollectView.xib; sourceTree = "<group>"; };
		C496A80A1CE0981D00F017E5 /* GTQUserInfoView.xib */ = {isa = PBXFileReference; fileEncoding = 4; lastKnownFileType = file.xib; path = GTQUserInfoView.xib; sourceTree = "<group>"; };
		C496A80C1CE09D1E00F017E5 /* gender */ = {isa = PBXFileReference; lastKnownFileType = file; path = gender; sourceTree = "<group>"; };
		C496A80E1CE1824600F017E5 /* GTQUserInfosViewController.h */ = {isa = PBXFileReference; fileEncoding = 4; lastKnownFileType = sourcecode.c.h; path = GTQUserInfosViewController.h; sourceTree = "<group>"; };
		C496A80F1CE1824600F017E5 /* GTQUserInfosViewController.m */ = {isa = PBXFileReference; fileEncoding = 4; lastKnownFileType = sourcecode.c.objc; path = GTQUserInfosViewController.m; sourceTree = "<group>"; };
		C496A8111CE1B53000F017E5 /* GTQSearchTextField.h */ = {isa = PBXFileReference; fileEncoding = 4; lastKnownFileType = sourcecode.c.h; path = GTQSearchTextField.h; sourceTree = "<group>"; };
		C496A8121CE1B53000F017E5 /* GTQSearchTextField.m */ = {isa = PBXFileReference; fileEncoding = 4; lastKnownFileType = sourcecode.c.objc; path = GTQSearchTextField.m; sourceTree = "<group>"; };
		C496A8141CE1B64100F017E5 /* GTQSearchHeadView.h */ = {isa = PBXFileReference; fileEncoding = 4; lastKnownFileType = sourcecode.c.h; path = GTQSearchHeadView.h; sourceTree = "<group>"; };
		C496A8151CE1B64100F017E5 /* GTQSearchHeadView.m */ = {isa = PBXFileReference; fileEncoding = 4; lastKnownFileType = sourcecode.c.objc; path = GTQSearchHeadView.m; sourceTree = "<group>"; };
		C496A8171CE1B73F00F017E5 /* GTQSearchHistoryCell.h */ = {isa = PBXFileReference; fileEncoding = 4; lastKnownFileType = sourcecode.c.h; path = GTQSearchHistoryCell.h; sourceTree = "<group>"; };
		C496A8181CE1B73F00F017E5 /* GTQSearchHistoryCell.m */ = {isa = PBXFileReference; fileEncoding = 4; lastKnownFileType = sourcecode.c.objc; path = GTQSearchHistoryCell.m; sourceTree = "<group>"; };
		C496A8191CE1B73F00F017E5 /* GTQSearchHistoryCell.xib */ = {isa = PBXFileReference; fileEncoding = 4; lastKnownFileType = file.xib; path = GTQSearchHistoryCell.xib; sourceTree = "<group>"; };
		C496A81C1CE1BB0D00F017E5 /* HotSearchCell.h */ = {isa = PBXFileReference; fileEncoding = 4; lastKnownFileType = sourcecode.c.h; path = HotSearchCell.h; sourceTree = "<group>"; };
		C496A81D1CE1BB0D00F017E5 /* HotSearchCell.m */ = {isa = PBXFileReference; fileEncoding = 4; lastKnownFileType = sourcecode.c.objc; path = HotSearchCell.m; sourceTree = "<group>"; };
		C496A8211CE1BB9100F017E5 /* HotSearchCell.xib */ = {isa = PBXFileReference; fileEncoding = 4; lastKnownFileType = file.xib; path = HotSearchCell.xib; sourceTree = "<group>"; };
		C496A8261CE1D3B700F017E5 /* GTQMessageModel.h */ = {isa = PBXFileReference; fileEncoding = 4; lastKnownFileType = sourcecode.c.h; path = GTQMessageModel.h; sourceTree = "<group>"; };
		C496A8271CE1D3B700F017E5 /* GTQMessageModel.m */ = {isa = PBXFileReference; fileEncoding = 4; lastKnownFileType = sourcecode.c.objc; path = GTQMessageModel.m; sourceTree = "<group>"; };
		C496A8291CE1DE1200F017E5 /* GTQMessageCell.h */ = {isa = PBXFileReference; fileEncoding = 4; lastKnownFileType = sourcecode.c.h; path = GTQMessageCell.h; sourceTree = "<group>"; };
		C496A82A1CE1DE1200F017E5 /* GTQMessageCell.m */ = {isa = PBXFileReference; fileEncoding = 4; lastKnownFileType = sourcecode.c.objc; path = GTQMessageCell.m; sourceTree = "<group>"; };
		C496A82E1CE1DE2E00F017E5 /* GTQHaveNoMessageView.h */ = {isa = PBXFileReference; fileEncoding = 4; lastKnownFileType = sourcecode.c.h; path = GTQHaveNoMessageView.h; sourceTree = "<group>"; };
		C496A82F1CE1DE2E00F017E5 /* GTQHaveNoMessageView.m */ = {isa = PBXFileReference; fileEncoding = 4; lastKnownFileType = sourcecode.c.objc; path = GTQHaveNoMessageView.m; sourceTree = "<group>"; };
		C496A8311CE1DE5D00F017E5 /* GTQHaveNoMessageView.xib */ = {isa = PBXFileReference; fileEncoding = 4; lastKnownFileType = file.xib; path = GTQHaveNoMessageView.xib; sourceTree = "<group>"; };
		C496A8341CE1DE8B00F017E5 /* GTQMessageRefreshHeader.h */ = {isa = PBXFileReference; fileEncoding = 4; lastKnownFileType = sourcecode.c.h; path = GTQMessageRefreshHeader.h; sourceTree = "<group>"; };
		C496A8351CE1DE8B00F017E5 /* GTQMessageRefreshHeader.m */ = {isa = PBXFileReference; fileEncoding = 4; lastKnownFileType = sourcecode.c.objc; path = GTQMessageRefreshHeader.m; sourceTree = "<group>"; };
		C496A8371CE1DEAB00F017E5 /* GTQMessageDeleteButton.h */ = {isa = PBXFileReference; fileEncoding = 4; lastKnownFileType = sourcecode.c.h; path = GTQMessageDeleteButton.h; sourceTree = "<group>"; };
		C496A8381CE1DEAB00F017E5 /* GTQMessageDeleteButton.m */ = {isa = PBXFileReference; fileEncoding = 4; lastKnownFileType = sourcecode.c.objc; path = GTQMessageDeleteButton.m; sourceTree = "<group>"; };
		C496A83A1CE1DEFD00F017E5 /* GTQMessageCell.xib */ = {isa = PBXFileReference; fileEncoding = 4; lastKnownFileType = file.xib; path = GTQMessageCell.xib; sourceTree = "<group>"; };
		C496A83C1CE1E86400F017E5 /* GTQMessagePushViewController.h */ = {isa = PBXFileReference; fileEncoding = 4; lastKnownFileType = sourcecode.c.h; path = GTQMessagePushViewController.h; sourceTree = "<group>"; };
		C496A83D1CE1E86400F017E5 /* GTQMessagePushViewController.m */ = {isa = PBXFileReference; fileEncoding = 4; lastKnownFileType = sourcecode.c.objc; path = GTQMessagePushViewController.m; sourceTree = "<group>"; };
		C496A8421CE2C92200F017E5 /* GTQSettingView.h */ = {isa = PBXFileReference; fileEncoding = 4; lastKnownFileType = sourcecode.c.h; path = GTQSettingView.h; sourceTree = "<group>"; };
		C496A8431CE2C92200F017E5 /* GTQSettingView.m */ = {isa = PBXFileReference; fileEncoding = 4; lastKnownFileType = sourcecode.c.objc; path = GTQSettingView.m; sourceTree = "<group>"; };
/* End PBXFileReference section */

/* Begin PBXFrameworksBuildPhase section */
		C496A65C1CD8924800F017E5 /* Frameworks */ = {
			isa = PBXFrameworksBuildPhase;
			buildActionMask = 2147483647;
			files = (
				08143D9D4878DBD3F38DB2CA /* libPods.a in Frameworks */,
			);
			runOnlyForDeploymentPostprocessing = 0;
		};
		C496A6751CD8924800F017E5 /* Frameworks */ = {
			isa = PBXFrameworksBuildPhase;
			buildActionMask = 2147483647;
			files = (
			);
			runOnlyForDeploymentPostprocessing = 0;
		};
		C496A6801CD8924800F017E5 /* Frameworks */ = {
			isa = PBXFrameworksBuildPhase;
			buildActionMask = 2147483647;
			files = (
			);
			runOnlyForDeploymentPostprocessing = 0;
		};
/* End PBXFrameworksBuildPhase section */

/* Begin PBXGroup section */
		6FB4226FE76AF2D27DAAF463 /* Pods */ = {
			isa = PBXGroup;
			children = (
				49EEF66DCED2C0C4DD3FE2B6 /* Pods.debug.xcconfig */,
				217AF2A41D217F83764919B2 /* Pods.release.xcconfig */,
			);
			name = Pods;
			sourceTree = "<group>";
		};
		C496A6561CD8924800F017E5 = {
			isa = PBXGroup;
			children = (
				C496A6611CD8924800F017E5 /* GTQHuntForCity */,
				C496A67B1CD8924800F017E5 /* GTQHuntForCityTests */,
				C496A6861CD8924800F017E5 /* GTQHuntForCityUITests */,
				C496A6601CD8924800F017E5 /* Products */,
				6FB4226FE76AF2D27DAAF463 /* Pods */,
				E6F9DEABB3425306A2AF67B8 /* Frameworks */,
			);
			sourceTree = "<group>";
		};
		C496A6601CD8924800F017E5 /* Products */ = {
			isa = PBXGroup;
			children = (
				C496A65F1CD8924800F017E5 /* GTQHuntForCity.app */,
				C496A6781CD8924800F017E5 /* GTQHuntForCityTests.xctest */,
				C496A6831CD8924800F017E5 /* GTQHuntForCityUITests.xctest */,
			);
			name = Products;
			sourceTree = "<group>";
		};
		C496A6611CD8924800F017E5 /* GTQHuntForCity */ = {
			isa = PBXGroup;
			children = (
				C496A6E01CD9F5C300F017E5 /* Category */,
				C496A6ED1CD9F69500F017E5 /* Classes */,
				C496A66B1CD8924800F017E5 /* Main.storyboard */,
				C496A66E1CD8924800F017E5 /* Assets.xcassets */,
				C496A6731CD8924800F017E5 /* Info.plist */,
				C496A6621CD8924800F017E5 /* Supporting Files */,
			);
			path = GTQHuntForCity;
			sourceTree = "<group>";
		};
		C496A6621CD8924800F017E5 /* Supporting Files */ = {
			isa = PBXGroup;
			children = (
				C496A7911CDB503E00F017E5 /* detailJson */,
				C496A7921CDB503E00F017E5 /* foundData.plist */,
				C496A7931CDB503E00F017E5 /* blurData.plist */,
				C496A7941CDB503E00F017E5 /* MessageData.plist */,
				C496A7951CDB503E00F017E5 /* CellDatas.plist */,
				C496A7961CDB503E00F017E5 /* infoDatas.plist */,
				C496A75E1CDAE84400F017E5 /* HomeDatas.plist */,
				C496A6631CD8924800F017E5 /* main.m */,
				C496A6AF1CD8B5E900F017E5 /* GTQPrefixHeader.h */,
			);
			name = "Supporting Files";
			sourceTree = "<group>";
		};
		C496A67B1CD8924800F017E5 /* GTQHuntForCityTests */ = {
			isa = PBXGroup;
			children = (
				C496A67C1CD8924800F017E5 /* GTQHuntForCityTests.m */,
				C496A67E1CD8924800F017E5 /* Info.plist */,
			);
			path = GTQHuntForCityTests;
			sourceTree = "<group>";
		};
		C496A6861CD8924800F017E5 /* GTQHuntForCityUITests */ = {
			isa = PBXGroup;
			children = (
				C496A6871CD8924800F017E5 /* GTQHuntForCityUITests.m */,
				C496A6891CD8924800F017E5 /* Info.plist */,
			);
			path = GTQHuntForCityUITests;
			sourceTree = "<group>";
		};
		C496A6E01CD9F5C300F017E5 /* Category */ = {
			isa = PBXGroup;
			children = (
				C496A6E11CD9F5C300F017E5 /* UIBarButtonItem+quickInit.h */,
				C496A6E21CD9F5C300F017E5 /* UIBarButtonItem+quickInit.m */,
				C496A6E31CD9F5C300F017E5 /* UIButton+GTQButton.h */,
				C496A6E41CD9F5C300F017E5 /* UIButton+GTQButton.m */,
				C496A6E51CD9F5C300F017E5 /* UIColor+GTQColor.h */,
				C496A6E61CD9F5C300F017E5 /* UIColor+GTQColor.m */,
				C496A6E71CD9F5C300F017E5 /* UILabel+GTQLabel.h */,
				C496A6E81CD9F5C300F017E5 /* UILabel+GTQLabel.m */,
				C496A7B51CDC6DFB00F017E5 /* UIImage+Size.h */,
				C496A7B61CDC6DFB00F017E5 /* UIImage+Size.m */,
			);
			path = Category;
			sourceTree = "<group>";
		};
		C496A6ED1CD9F69500F017E5 /* Classes */ = {
			isa = PBXGroup;
			children = (
				C496A7C11CDC9CD700F017E5 /* Search */,
				C496A78D1CDB4EF200F017E5 /* Map */,
				C496A73B1CD9F8FB00F017E5 /* Been */,
				C496A73E1CD9F8FB00F017E5 /* Collection */,
				C496A7411CD9F8FB00F017E5 /* Message */,
				C496A7441CD9F8FB00F017E5 /* Setting */,
				C496A7471CD9F8FB00F017E5 /* User */,
				C496A71D1CD9F75200F017E5 /* Other */,
				C496A6F01CD9F69500F017E5 /* Found */,
				C496A70C1CD9F69500F017E5 /* Home */,
				C496A70D1CD9F69500F017E5 /* Main */,
			);
			path = Classes;
			sourceTree = "<group>";
		};
		C496A6F01CD9F69500F017E5 /* Found */ = {
			isa = PBXGroup;
			children = (
				C496A7A31CDC338700F017E5 /* collectionLayout */,
				C496A79F1CDC30A200F017E5 /* Model */,
				C496A79E1CDC309D00F017E5 /* View */,
				C496A79D1CDC309500F017E5 /* Controller */,
			);
			path = Found;
			sourceTree = "<group>";
		};
		C496A70C1CD9F69500F017E5 /* Home */ = {
			isa = PBXGroup;
			children = (
				C496A76D1CDB2F3700F017E5 /* Detail */,
				C496A7571CDAE66400F017E5 /* Controller */,
				C496A7561CDAE65F00F017E5 /* View */,
				C496A7551CDAE65800F017E5 /* Model */,
			);
			path = Home;
			sourceTree = "<group>";
		};
		C496A70D1CD9F69500F017E5 /* Main */ = {
			isa = PBXGroup;
			children = (
				C496A7B81CDC71D600F017E5 /* Tool */,
				C496A7541CD9FB9900F017E5 /* Model */,
				C496A7531CD9FB9300F017E5 /* View */,
				C496A7521CD9FB8400F017E5 /* Controller */,
			);
			path = Main;
			sourceTree = "<group>";
		};
		C496A71D1CD9F75200F017E5 /* Other */ = {
			isa = PBXGroup;
			children = (
				C496A71E1CD9F7C800F017E5 /* AppDelegate.h */,
				C496A71F1CD9F7C800F017E5 /* AppDelegate.m */,
			);
			path = Other;
			sourceTree = "<group>";
		};
		C496A73B1CD9F8FB00F017E5 /* Been */ = {
			isa = PBXGroup;
			children = (
				C496A73C1CD9F8FB00F017E5 /* GTQBeenViewController.h */,
				C496A73D1CD9F8FB00F017E5 /* GTQBeenViewController.m */,
			);
			path = Been;
			sourceTree = "<group>";
		};
		C496A73E1CD9F8FB00F017E5 /* Collection */ = {
			isa = PBXGroup;
			children = (
				C496A73F1CD9F8FB00F017E5 /* GTQCollectionViewController.h */,
				C496A7401CD9F8FB00F017E5 /* GTQCollectionViewController.m */,
			);
			path = Collection;
			sourceTree = "<group>";
		};
		C496A7411CD9F8FB00F017E5 /* Message */ = {
			isa = PBXGroup;
			children = (
				C496A8331CE1DE6D00F017E5 /* Tool */,
				C496A8251CE1CFD200F017E5 /* Model */,
				C496A8241CE1CFCD00F017E5 /* View */,
				C496A8231CE1CFC200F017E5 /* Controller */,
			);
			path = Message;
			sourceTree = "<group>";
		};
		C496A7441CD9F8FB00F017E5 /* Setting */ = {
			isa = PBXGroup;
			children = (
				C496A8411CE2C91200F017E5 /* Model */,
				C496A8401CE2C90D00F017E5 /* View */,
				C496A83F1CE2C90500F017E5 /* Controller */,
			);
			path = Setting;
			sourceTree = "<group>";
		};
		C496A7471CD9F8FB00F017E5 /* User */ = {
			isa = PBXGroup;
			children = (
				C496A7481CD9F8FB00F017E5 /* GTQUserViewController.h */,
				C496A7491CD9F8FB00F017E5 /* GTQUserViewController.m */,
			);
			path = User;
			sourceTree = "<group>";
		};
		C496A7521CD9FB8400F017E5 /* Controller */ = {
			isa = PBXGroup;
			children = (
				C496A7321CD9F89A00F017E5 /* GTQNavigationController.h */,
				C496A7331CD9F89A00F017E5 /* GTQNavigationController.m */,
				C496A7271CD9F89A00F017E5 /* GTQBaseViewController.h */,
				C496A7281CD9F89A00F017E5 /* GTQBaseViewController.m */,
				C496A72E1CD9F89A00F017E5 /* GTQMainViewController.h */,
				C496A72F1CD9F89A00F017E5 /* GTQMainViewController.m */,
				C496A7841CDB4E2F00F017E5 /* GTQShowViewController.h */,
				C496A7851CDB4E2F00F017E5 /* GTQShowViewController.m */,
			);
			name = Controller;
			sourceTree = "<group>";
		};
		C496A7531CD9FB9300F017E5 /* View */ = {
			isa = PBXGroup;
			children = (
				C496A7291CD9F89A00F017E5 /* GTQCityButton.h */,
				C496A72A1CD9F89A00F017E5 /* GTQCityButton.m */,
				C496A72B1CD9F89A00F017E5 /* GTQLeftMenuView.h */,
				C496A72C1CD9F89A00F017E5 /* GTQLeftMenuView.m */,
				C496A72D1CD9F89A00F017E5 /* GTQLeftMenuView.xib */,
				C496A7301CD9F89A00F017E5 /* GTQMenuButton.h */,
				C496A7311CD9F89A00F017E5 /* GTQMenuButton.m */,
				C496A77A1CDB3CC500F017E5 /* GTQUnLoginView.h */,
				C496A77B1CDB3CC500F017E5 /* GTQUnLoginView.m */,
				C496A77D1CDB3DDE00F017E5 /* GTQUnLoginView.xib */,
				C496A77F1CDB428800F017E5 /* GTQPromptView.h */,
				C496A7801CDB428900F017E5 /* GTQPromptView.m */,
				C496A7821CDB42DF00F017E5 /* GTQPromptView.xib */,
				C496A7871CDB4E9A00F017E5 /* GTQConditionView.h */,
				C496A7881CDB4E9A00F017E5 /* GTQConditionView.m */,
				C496A78A1CDB4EBD00F017E5 /* GTQRenderBlurView.h */,
				C496A78B1CDB4EBD00F017E5 /* GTQRenderBlurView.m */,
				C496A7BC1CDC8BC100F017E5 /* GTQBlurCell.h */,
				C496A7BD1CDC8BC100F017E5 /* GTQBlurCell.m */,
				C496A7BF1CDC8BDA00F017E5 /* GTQBlurCell.xib */,
			);
			name = View;
			sourceTree = "<group>";
		};
		C496A7541CD9FB9900F017E5 /* Model */ = {
			isa = PBXGroup;
			children = (
				C496A7B21CDC6CF200F017E5 /* GTQRefreshHeader.h */,
				C496A7B31CDC6CF200F017E5 /* GTQRefreshHeader.m */,
			);
			name = Model;
			sourceTree = "<group>";
		};
		C496A7551CDAE65800F017E5 /* Model */ = {
			isa = PBXGroup;
			children = (
				C496A7581CDAE67D00F017E5 /* GTQHomeModel.h */,
				C496A7591CDAE67D00F017E5 /* GTQHomeModel.m */,
				C496A75B1CDAE6F100F017E5 /* GTQHomeCellModel.h */,
				C496A75C1CDAE6F100F017E5 /* GTQHomeCellModel.m */,
			);
			name = Model;
			sourceTree = "<group>";
		};
		C496A7561CDAE65F00F017E5 /* View */ = {
			isa = PBXGroup;
			children = (
				C496A7601CDAEABF00F017E5 /* GTQRmdHeaderView.h */,
				C496A7611CDAEABF00F017E5 /* GTQRmdHeaderView.m */,
				C496A7631CDAEADF00F017E5 /* GTQRmdTableViewCell.h */,
				C496A7641CDAEADF00F017E5 /* GTQRmdTableViewCell.m */,
				C496A7651CDAEADF00F017E5 /* GTQRmdTableViewCell.xib */,
				C496A7681CDAFBC900F017E5 /* GTQRmdHeaderView.xib */,
				C496A7741CDB325E00F017E5 /* GTQCustomNavBar.h */,
				C496A7751CDB325E00F017E5 /* GTQCustomNavBar.m */,
				C496A7771CDB339200F017E5 /* GTQCustomNavTitleView.h */,
				C496A7781CDB339200F017E5 /* GTQCustomNavTitleView.m */,
			);
			name = View;
			sourceTree = "<group>";
		};
		C496A7571CDAE66400F017E5 /* Controller */ = {
			isa = PBXGroup;
			children = (
				C496A7211CD9F7FE00F017E5 /* GTQHomeViewController.h */,
				C496A7221CD9F7FE00F017E5 /* GTQHomeViewController.m */,
				C496A7711CDB2F8A00F017E5 /* GTQHeaderPushViewController.h */,
				C496A7721CDB2F8A00F017E5 /* GTQHeaderPushViewController.m */,
			);
			name = Controller;
			sourceTree = "<group>";
		};
		C496A76D1CDB2F3700F017E5 /* Detail */ = {
			isa = PBXGroup;
			children = (
				C496A7701CDB2F5300F017E5 /* View */,
				C496A76F1CDB2F4E00F017E5 /* Model */,
				C496A76E1CDB2F4600F017E5 /* Controller */,
			);
			name = Detail;
			sourceTree = "<group>";
		};
		C496A76E1CDB2F4600F017E5 /* Controller */ = {
			isa = PBXGroup;
			children = (
				C496A76A1CDB2F2A00F017E5 /* GTQDetailViewController.h */,
				C496A76B1CDB2F2A00F017E5 /* GTQDetailViewController.m */,
				C496A80E1CE1824600F017E5 /* GTQUserInfosViewController.h */,
				C496A80F1CE1824600F017E5 /* GTQUserInfosViewController.m */,
			);
			name = Controller;
			sourceTree = "<group>";
		};
		C496A76F1CDB2F4E00F017E5 /* Model */ = {
			isa = PBXGroup;
			children = (
				C496A7D41CE06CCD00F017E5 /* GTQDetailModel.h */,
				C496A7D51CE06CCD00F017E5 /* GTQDetailModel.m */,
				C496A7D71CE06D4500F017E5 /* GTQInfoModel.h */,
				C496A7D81CE06D4500F017E5 /* GTQInfoModel.m */,
				C496A7DA1CE06D8500F017E5 /* GTQRmdCellModel.h */,
				C496A7DB1CE06D8500F017E5 /* GTQRmdCellModel.m */,
				C496A7DD1CE06DAA00F017E5 /* GTQArticleModel.h */,
				C496A7DE1CE06DAA00F017E5 /* GTQArticleModel.m */,
			);
			name = Model;
			sourceTree = "<group>";
		};
		C496A7701CDB2F5300F017E5 /* View */ = {
			isa = PBXGroup;
			children = (
				C496A80C1CE09D1E00F017E5 /* gender */,
				C496A7F31CE0813100F017E5 /* GTQRmdTextCell.h */,
				C496A7F41CE0813100F017E5 /* GTQRmdTextCell.m */,
				C496A7F51CE0813100F017E5 /* GTQRmdTextCell.xib */,
				C496A7F81CE0817800F017E5 /* GTQInfoCell.h */,
				C496A7F91CE0817800F017E5 /* GTQInfoCell.m */,
				C496A8031CE0878700F017E5 /* GTQInfoCell.xib */,
				C496A7FD1CE0819700F017E5 /* GTQUserInfoView.h */,
				C496A7FE1CE0819700F017E5 /* GTQUserInfoView.m */,
				C496A80A1CE0981D00F017E5 /* GTQUserInfoView.xib */,
				C496A8001CE081B600F017E5 /* GTQBeenAndCollectView.h */,
				C496A8011CE081B600F017E5 /* GTQBeenAndCollectView.m */,
				C496A8051CE08EFC00F017E5 /* GTQBeenAndCollectView.xib */,
				C496A7C81CE02A6100F017E5 /* GTQScrollHeadView.h */,
				C496A7C91CE02A6100F017E5 /* GTQScrollHeadView.m */,
				C496A7CB1CE05FAF00F017E5 /* GTQDetailNavBar.h */,
				C496A7CC1CE05FAF00F017E5 /* GTQDetailNavBar.m */,
				C496A7CE1CE0682200F017E5 /* GTQSelectView.h */,
				C496A7CF1CE0682200F017E5 /* GTQSelectView.m */,
				C496A7D11CE0693800F017E5 /* GTQSelectButton.h */,
				C496A7D21CE0693800F017E5 /* GTQSelectButton.m */,
				C496A7E01CE073FE00F017E5 /* GTQDetailRmdTableHeadView.h */,
				C496A7E11CE073FE00F017E5 /* GTQDetailRmdTableHeadView.m */,
				C496A7EA1CE0791000F017E5 /* GTQDetailRmdTableHeadView.xib */,
				C496A7E31CE0741900F017E5 /* GTQDetailTableFootView.h */,
				C496A7E41CE0741900F017E5 /* GTQDetailTableFootView.m */,
				C496A7EC1CE0799E00F017E5 /* GTQDetailFootView.xib */,
				C496A7EE1CE079F500F017E5 /* GTQRmdPictureCell.h */,
				C496A7EF1CE079F500F017E5 /* GTQRmdPictureCell.m */,
				C496A7F01CE079F500F017E5 /* GTQRmdPictureCell.xib */,
			);
			name = View;
			sourceTree = "<group>";
		};
		C496A78D1CDB4EF200F017E5 /* Map */ = {
			isa = PBXGroup;
			children = (
				C496A78E1CDB4F0B00F017E5 /* GTQMapViewController.h */,
				C496A78F1CDB4F0B00F017E5 /* GTQMapViewController.m */,
			);
			path = Map;
			sourceTree = "<group>";
		};
		C496A79D1CDC309500F017E5 /* Controller */ = {
			isa = PBXGroup;
			children = (
				C496A7241CD9F83F00F017E5 /* GTQFoundViewController.h */,
				C496A7251CD9F83F00F017E5 /* GTQFoundViewController.m */,
			);
			name = Controller;
			sourceTree = "<group>";
		};
		C496A79E1CDC309D00F017E5 /* View */ = {
			isa = PBXGroup;
			children = (
				C496A7A71CDC35FA00F017E5 /* GTQFoundCollectionViewCell.h */,
				C496A7A81CDC35FA00F017E5 /* GTQFoundCollectionViewCell.m */,
				C496A7A91CDC35FA00F017E5 /* GTQFoundCollectionViewCell.xib */,
				C496A7AC1CDC3D9A00F017E5 /* GTQHeaderCollectionReusableView.h */,
				C496A7AD1CDC3D9A00F017E5 /* GTQHeaderCollectionReusableView.m */,
			);
			name = View;
			sourceTree = "<group>";
		};
		C496A79F1CDC30A200F017E5 /* Model */ = {
			isa = PBXGroup;
			children = (
				C496A7A01CDC313400F017E5 /* GTQFoundCellModel.h */,
				C496A7A11CDC313400F017E5 /* GTQFoundCellModel.m */,
				C496A7AF1CDC444B00F017E5 /* GTQFoundHeaderModel.h */,
				C496A7B01CDC444B00F017E5 /* GTQFoundHeaderModel.m */,
			);
			name = Model;
			sourceTree = "<group>";
		};
		C496A7A31CDC338700F017E5 /* collectionLayout */ = {
			isa = PBXGroup;
			children = (
				C496A7A41CDC33BC00F017E5 /* GTQFoundViewLayout.h */,
				C496A7A51CDC33BC00F017E5 /* GTQFoundViewLayout.m */,
			);
			name = collectionLayout;
			sourceTree = "<group>";
		};
		C496A7B81CDC71D600F017E5 /* Tool */ = {
			isa = PBXGroup;
			children = (
			);
			name = Tool;
			sourceTree = "<group>";
		};
		C496A7C11CDC9CD700F017E5 /* Search */ = {
			isa = PBXGroup;
			children = (
				C496A7C41CDC9CE900F017E5 /* Model */,
				C496A7C31CDC9CE500F017E5 /* View */,
				C496A7C21CDC9CDC00F017E5 /* Controller */,
			);
			path = Search;
			sourceTree = "<group>";
		};
		C496A7C21CDC9CDC00F017E5 /* Controller */ = {
			isa = PBXGroup;
			children = (
				C496A7C51CDC9D0000F017E5 /* GTQSearchViewController.h */,
				C496A7C61CDC9D0000F017E5 /* GTQSearchViewController.m */,
			);
			name = Controller;
			sourceTree = "<group>";
		};
		C496A7C31CDC9CE500F017E5 /* View */ = {
			isa = PBXGroup;
			children = (
				C496A8111CE1B53000F017E5 /* GTQSearchTextField.h */,
				C496A8121CE1B53000F017E5 /* GTQSearchTextField.m */,
				C496A8141CE1B64100F017E5 /* GTQSearchHeadView.h */,
				C496A8151CE1B64100F017E5 /* GTQSearchHeadView.m */,
				C496A8171CE1B73F00F017E5 /* GTQSearchHistoryCell.h */,
				C496A8181CE1B73F00F017E5 /* GTQSearchHistoryCell.m */,
				C496A8191CE1B73F00F017E5 /* GTQSearchHistoryCell.xib */,
				C496A81C1CE1BB0D00F017E5 /* HotSearchCell.h */,
				C496A81D1CE1BB0D00F017E5 /* HotSearchCell.m */,
				C496A8211CE1BB9100F017E5 /* HotSearchCell.xib */,
			);
			name = View;
			sourceTree = "<group>";
		};
		C496A7C41CDC9CE900F017E5 /* Model */ = {
			isa = PBXGroup;
			children = (
			);
			name = Model;
			sourceTree = "<group>";
		};
		C496A8231CE1CFC200F017E5 /* Controller */ = {
			isa = PBXGroup;
			children = (
				C496A7421CD9F8FB00F017E5 /* GTQMessageViewController.h */,
				C496A7431CD9F8FB00F017E5 /* GTQMessageViewController.m */,
				C496A83C1CE1E86400F017E5 /* GTQMessagePushViewController.h */,
				C496A83D1CE1E86400F017E5 /* GTQMessagePushViewController.m */,
			);
			name = Controller;
			sourceTree = "<group>";
		};
		C496A8241CE1CFCD00F017E5 /* View */ = {
			isa = PBXGroup;
			children = (
				C496A8291CE1DE1200F017E5 /* GTQMessageCell.h */,
				C496A82A1CE1DE1200F017E5 /* GTQMessageCell.m */,
				C496A83A1CE1DEFD00F017E5 /* GTQMessageCell.xib */,
				C496A82E1CE1DE2E00F017E5 /* GTQHaveNoMessageView.h */,
				C496A82F1CE1DE2E00F017E5 /* GTQHaveNoMessageView.m */,
				C496A8311CE1DE5D00F017E5 /* GTQHaveNoMessageView.xib */,
				C496A8371CE1DEAB00F017E5 /* GTQMessageDeleteButton.h */,
				C496A8381CE1DEAB00F017E5 /* GTQMessageDeleteButton.m */,
			);
			name = View;
			sourceTree = "<group>";
		};
		C496A8251CE1CFD200F017E5 /* Model */ = {
			isa = PBXGroup;
			children = (
				C496A8261CE1D3B700F017E5 /* GTQMessageModel.h */,
				C496A8271CE1D3B700F017E5 /* GTQMessageModel.m */,
			);
			name = Model;
			sourceTree = "<group>";
		};
		C496A8331CE1DE6D00F017E5 /* Tool */ = {
			isa = PBXGroup;
			children = (
				C496A8341CE1DE8B00F017E5 /* GTQMessageRefreshHeader.h */,
				C496A8351CE1DE8B00F017E5 /* GTQMessageRefreshHeader.m */,
			);
			name = Tool;
			sourceTree = "<group>";
		};
		C496A83F1CE2C90500F017E5 /* Controller */ = {
			isa = PBXGroup;
			children = (
				C496A7451CD9F8FB00F017E5 /* GTQSettingViewController.h */,
				C496A7461CD9F8FB00F017E5 /* GTQSettingViewController.m */,
			);
			name = Controller;
			sourceTree = "<group>";
		};
		C496A8401CE2C90D00F017E5 /* View */ = {
			isa = PBXGroup;
			children = (
				C496A8421CE2C92200F017E5 /* GTQSettingView.h */,
				C496A8431CE2C92200F017E5 /* GTQSettingView.m */,
			);
			name = View;
			sourceTree = "<group>";
		};
		C496A8411CE2C91200F017E5 /* Model */ = {
			isa = PBXGroup;
			children = (
			);
			name = Model;
			sourceTree = "<group>";
		};
		E6F9DEABB3425306A2AF67B8 /* Frameworks */ = {
			isa = PBXGroup;
			children = (
				38CAB39587B16DFF64E21BAA /* libPods.a */,
			);
			name = Frameworks;
			sourceTree = "<group>";
		};
/* End PBXGroup section */

/* Begin PBXNativeTarget section */
		C496A65E1CD8924800F017E5 /* GTQHuntForCity */ = {
			isa = PBXNativeTarget;
			buildConfigurationList = C496A68C1CD8924800F017E5 /* Build configuration list for PBXNativeTarget "GTQHuntForCity" */;
			buildPhases = (
				0C329116E2EF929490CDFACE /* Check Pods Manifest.lock */,
				C496A65B1CD8924800F017E5 /* Sources */,
				C496A65C1CD8924800F017E5 /* Frameworks */,
				C496A65D1CD8924800F017E5 /* Resources */,
				D1A87A344385C49AA65E5968 /* Copy Pods Resources */,
			);
			buildRules = (
			);
			dependencies = (
			);
			name = GTQHuntForCity;
			productName = GTQHuntForCity;
			productReference = C496A65F1CD8924800F017E5 /* GTQHuntForCity.app */;
			productType = "com.apple.product-type.application";
		};
		C496A6771CD8924800F017E5 /* GTQHuntForCityTests */ = {
			isa = PBXNativeTarget;
			buildConfigurationList = C496A68F1CD8924800F017E5 /* Build configuration list for PBXNativeTarget "GTQHuntForCityTests" */;
			buildPhases = (
				C496A6741CD8924800F017E5 /* Sources */,
				C496A6751CD8924800F017E5 /* Frameworks */,
				C496A6761CD8924800F017E5 /* Resources */,
			);
			buildRules = (
			);
			dependencies = (
				C496A67A1CD8924800F017E5 /* PBXTargetDependency */,
			);
			name = GTQHuntForCityTests;
			productName = GTQHuntForCityTests;
			productReference = C496A6781CD8924800F017E5 /* GTQHuntForCityTests.xctest */;
			productType = "com.apple.product-type.bundle.unit-test";
		};
		C496A6821CD8924800F017E5 /* GTQHuntForCityUITests */ = {
			isa = PBXNativeTarget;
			buildConfigurationList = C496A6921CD8924800F017E5 /* Build configuration list for PBXNativeTarget "GTQHuntForCityUITests" */;
			buildPhases = (
				C496A67F1CD8924800F017E5 /* Sources */,
				C496A6801CD8924800F017E5 /* Frameworks */,
				C496A6811CD8924800F017E5 /* Resources */,
			);
			buildRules = (
			);
			dependencies = (
				C496A6851CD8924800F017E5 /* PBXTargetDependency */,
			);
			name = GTQHuntForCityUITests;
			productName = GTQHuntForCityUITests;
			productReference = C496A6831CD8924800F017E5 /* GTQHuntForCityUITests.xctest */;
			productType = "com.apple.product-type.bundle.ui-testing";
		};
/* End PBXNativeTarget section */

/* Begin PBXProject section */
		C496A6571CD8924800F017E5 /* Project object */ = {
			isa = PBXProject;
			attributes = {
				LastUpgradeCheck = 0720;
				ORGANIZATIONNAME = Ls;
				TargetAttributes = {
					C496A65E1CD8924800F017E5 = {
						CreatedOnToolsVersion = 7.2.1;
					};
					C496A6771CD8924800F017E5 = {
						CreatedOnToolsVersion = 7.2.1;
						TestTargetID = C496A65E1CD8924800F017E5;
					};
					C496A6821CD8924800F017E5 = {
						CreatedOnToolsVersion = 7.2.1;
						TestTargetID = C496A65E1CD8924800F017E5;
					};
				};
			};
			buildConfigurationList = C496A65A1CD8924800F017E5 /* Build configuration list for PBXProject "GTQHuntForCity" */;
			compatibilityVersion = "Xcode 3.2";
			developmentRegion = English;
			hasScannedForEncodings = 0;
			knownRegions = (
				en,
				Base,
			);
			mainGroup = C496A6561CD8924800F017E5;
			productRefGroup = C496A6601CD8924800F017E5 /* Products */;
			projectDirPath = "";
			projectRoot = "";
			targets = (
				C496A65E1CD8924800F017E5 /* GTQHuntForCity */,
				C496A6771CD8924800F017E5 /* GTQHuntForCityTests */,
				C496A6821CD8924800F017E5 /* GTQHuntForCityUITests */,
			);
		};
/* End PBXProject section */

/* Begin PBXResourcesBuildPhase section */
		C496A65D1CD8924800F017E5 /* Resources */ = {
			isa = PBXResourcesBuildPhase;
			buildActionMask = 2147483647;
			files = (
				C496A8041CE0878700F017E5 /* GTQInfoCell.xib in Resources */,
				C496A77E1CDB3DDE00F017E5 /* GTQUnLoginView.xib in Resources */,
				C496A80B1CE0981D00F017E5 /* GTQUserInfoView.xib in Resources */,
				C496A7C01CDC8BDA00F017E5 /* GTQBlurCell.xib in Resources */,
				C496A7F21CE079F500F017E5 /* GTQRmdPictureCell.xib in Resources */,
				C496A66F1CD8924800F017E5 /* Assets.xcassets in Resources */,
				C496A8321CE1DE5D00F017E5 /* GTQHaveNoMessageView.xib in Resources */,
				C496A7EB1CE0791000F017E5 /* GTQDetailRmdTableHeadView.xib in Resources */,
				C496A8221CE1BB9100F017E5 /* HotSearchCell.xib in Resources */,
				C496A7AB1CDC35FA00F017E5 /* GTQFoundCollectionViewCell.xib in Resources */,
				C496A8061CE08EFC00F017E5 /* GTQBeenAndCollectView.xib in Resources */,
				C496A79B1CDB503E00F017E5 /* CellDatas.plist in Resources */,
				C496A81B1CE1B73F00F017E5 /* GTQSearchHistoryCell.xib in Resources */,
				C496A83B1CE1DEFD00F017E5 /* GTQMessageCell.xib in Resources */,
				C496A7371CD9F89A00F017E5 /* GTQLeftMenuView.xib in Resources */,
				C496A80D1CE09D1E00F017E5 /* gender in Resources */,
				C496A7ED1CE0799E00F017E5 /* GTQDetailFootView.xib in Resources */,
				C496A7971CDB503E00F017E5 /* detailJson in Resources */,
				C496A7831CDB42DF00F017E5 /* GTQPromptView.xib in Resources */,
				C496A7F71CE0813100F017E5 /* GTQRmdTextCell.xib in Resources */,
				C496A66D1CD8924800F017E5 /* Main.storyboard in Resources */,
				C496A75F1CDAE84400F017E5 /* HomeDatas.plist in Resources */,
				C496A7691CDAFBC900F017E5 /* GTQRmdHeaderView.xib in Resources */,
				C496A7671CDAEADF00F017E5 /* GTQRmdTableViewCell.xib in Resources */,
				C496A79C1CDB503E00F017E5 /* infoDatas.plist in Resources */,
				C496A7981CDB503E00F017E5 /* foundData.plist in Resources */,
				C496A79A1CDB503E00F017E5 /* MessageData.plist in Resources */,
				C496A7991CDB503E00F017E5 /* blurData.plist in Resources */,
			);
			runOnlyForDeploymentPostprocessing = 0;
		};
		C496A6761CD8924800F017E5 /* Resources */ = {
			isa = PBXResourcesBuildPhase;
			buildActionMask = 2147483647;
			files = (
			);
			runOnlyForDeploymentPostprocessing = 0;
		};
		C496A6811CD8924800F017E5 /* Resources */ = {
			isa = PBXResourcesBuildPhase;
			buildActionMask = 2147483647;
			files = (
			);
			runOnlyForDeploymentPostprocessing = 0;
		};
/* End PBXResourcesBuildPhase section */

/* Begin PBXShellScriptBuildPhase section */
		0C329116E2EF929490CDFACE /* Check Pods Manifest.lock */ = {
			isa = PBXShellScriptBuildPhase;
			buildActionMask = 2147483647;
			files = (
			);
			inputPaths = (
			);
			name = "Check Pods Manifest.lock";
			outputPaths = (
			);
			runOnlyForDeploymentPostprocessing = 0;
			shellPath = /bin/sh;
			shellScript = "diff \"${PODS_ROOT}/../Podfile.lock\" \"${PODS_ROOT}/Manifest.lock\" > /dev/null\nif [[ $? != 0 ]] ; then\n    cat << EOM\nerror: The sandbox is not in sync with the Podfile.lock. Run 'pod install' or update your CocoaPods installation.\nEOM\n    exit 1\nfi\n";
			showEnvVarsInLog = 0;
		};
		D1A87A344385C49AA65E5968 /* Copy Pods Resources */ = {
			isa = PBXShellScriptBuildPhase;
			buildActionMask = 2147483647;
			files = (
			);
			inputPaths = (
			);
			name = "Copy Pods Resources";
			outputPaths = (
			);
			runOnlyForDeploymentPostprocessing = 0;
			shellPath = /bin/sh;
			shellScript = "\"${SRCROOT}/Pods/Target Support Files/Pods/Pods-resources.sh\"\n";
			showEnvVarsInLog = 0;
		};
/* End PBXShellScriptBuildPhase section */

/* Begin PBXSourcesBuildPhase section */
		C496A65B1CD8924800F017E5 /* Sources */ = {
			isa = PBXSourcesBuildPhase;
			buildActionMask = 2147483647;
			files = (
				C496A7D31CE0693800F017E5 /* GTQSelectButton.m in Sources */,
				C496A83E1CE1E86400F017E5 /* GTQMessagePushViewController.m in Sources */,
				C496A8161CE1B64100F017E5 /* GTQSearchHeadView.m in Sources */,
				C496A7201CD9F7C800F017E5 /* AppDelegate.m in Sources */,
				C496A7731CDB2F8A00F017E5 /* GTQHeaderPushViewController.m in Sources */,
				C496A7AE1CDC3D9A00F017E5 /* GTQHeaderCollectionReusableView.m in Sources */,
				C496A7DC1CE06D8500F017E5 /* GTQRmdCellModel.m in Sources */,
				C496A7901CDB4F0B00F017E5 /* GTQMapViewController.m in Sources */,
				C496A6E91CD9F5C300F017E5 /* UIBarButtonItem+quickInit.m in Sources */,
				C496A76C1CDB2F2A00F017E5 /* GTQDetailViewController.m in Sources */,
				C496A7361CD9F89A00F017E5 /* GTQLeftMenuView.m in Sources */,
				C496A74A1CD9F8FB00F017E5 /* GTQBeenViewController.m in Sources */,
				C496A75D1CDAE6F100F017E5 /* GTQHomeCellModel.m in Sources */,
				C496A8021CE081B600F017E5 /* GTQBeenAndCollectView.m in Sources */,
				C496A8301CE1DE2E00F017E5 /* GTQHaveNoMessageView.m in Sources */,
				C496A7C71CDC9D0000F017E5 /* GTQSearchViewController.m in Sources */,
				C496A6EB1CD9F5C300F017E5 /* UIColor+GTQColor.m in Sources */,
				C496A7E51CE0741900F017E5 /* GTQDetailTableFootView.m in Sources */,
				C496A7391CD9F89A00F017E5 /* GTQMenuButton.m in Sources */,
				C496A7381CD9F89A00F017E5 /* GTQMainViewController.m in Sources */,
				C496A8361CE1DE8B00F017E5 /* GTQMessageRefreshHeader.m in Sources */,
				C496A78C1CDB4EBD00F017E5 /* GTQRenderBlurView.m in Sources */,
				C496A77C1CDB3CC500F017E5 /* GTQUnLoginView.m in Sources */,
				C496A7DF1CE06DAA00F017E5 /* GTQArticleModel.m in Sources */,
				C496A7FB1CE0817800F017E5 /* GTQInfoCell.m in Sources */,
				C496A75A1CDAE67D00F017E5 /* GTQHomeModel.m in Sources */,
				C496A7861CDB4E2F00F017E5 /* GTQShowViewController.m in Sources */,
				C496A7D91CE06D4500F017E5 /* GTQInfoModel.m in Sources */,
				C496A7CD1CE05FAF00F017E5 /* GTQDetailNavBar.m in Sources */,
				C496A6EA1CD9F5C300F017E5 /* UIButton+GTQButton.m in Sources */,
				C496A7E21CE073FE00F017E5 /* GTQDetailRmdTableHeadView.m in Sources */,
				C496A82C1CE1DE1200F017E5 /* GTQMessageCell.m in Sources */,
				C496A74C1CD9F8FB00F017E5 /* GTQMessageViewController.m in Sources */,
				C496A7351CD9F89A00F017E5 /* GTQCityButton.m in Sources */,
				C496A8281CE1D3B700F017E5 /* GTQMessageModel.m in Sources */,
				C496A7F61CE0813100F017E5 /* GTQRmdTextCell.m in Sources */,
				C496A8131CE1B53000F017E5 /* GTQSearchTextField.m in Sources */,
				C496A74D1CD9F8FB00F017E5 /* GTQSettingViewController.m in Sources */,
				C496A7D01CE0682200F017E5 /* GTQSelectView.m in Sources */,
				C496A7231CD9F7FE00F017E5 /* GTQHomeViewController.m in Sources */,
				C496A8391CE1DEAB00F017E5 /* GTQMessageDeleteButton.m in Sources */,
				C496A7B41CDC6CF200F017E5 /* GTQRefreshHeader.m in Sources */,
				C496A8101CE1824600F017E5 /* GTQUserInfosViewController.m in Sources */,
				C496A7261CD9F83F00F017E5 /* GTQFoundViewController.m in Sources */,
				C496A7891CDB4E9A00F017E5 /* GTQConditionView.m in Sources */,
				C496A7791CDB339200F017E5 /* GTQCustomNavTitleView.m in Sources */,
				C496A7A21CDC313400F017E5 /* GTQFoundCellModel.m in Sources */,
				C496A7F11CE079F500F017E5 /* GTQRmdPictureCell.m in Sources */,
				C496A7661CDAEADF00F017E5 /* GTQRmdTableViewCell.m in Sources */,
				C496A7341CD9F89A00F017E5 /* GTQBaseViewController.m in Sources */,
				C496A6641CD8924800F017E5 /* main.m in Sources */,
				C496A74E1CD9F8FB00F017E5 /* GTQUserViewController.m in Sources */,
				C496A7811CDB428900F017E5 /* GTQPromptView.m in Sources */,
				C496A7621CDAEABF00F017E5 /* GTQRmdHeaderView.m in Sources */,
				C496A81A1CE1B73F00F017E5 /* GTQSearchHistoryCell.m in Sources */,
				C496A7BE1CDC8BC100F017E5 /* GTQBlurCell.m in Sources */,
				C496A7B71CDC6DFB00F017E5 /* UIImage+Size.m in Sources */,
				C496A81F1CE1BB0E00F017E5 /* HotSearchCell.m in Sources */,
				C496A7FF1CE0819700F017E5 /* GTQUserInfoView.m in Sources */,
				C496A8441CE2C92200F017E5 /* GTQSettingView.m in Sources */,
				C496A7AA1CDC35FA00F017E5 /* GTQFoundCollectionViewCell.m in Sources */,
				C496A73A1CD9F89A00F017E5 /* GTQNavigationController.m in Sources */,
				C496A7A61CDC33BC00F017E5 /* GTQFoundViewLayout.m in Sources */,
				C496A7761CDB325E00F017E5 /* GTQCustomNavBar.m in Sources */,
				C496A6EC1CD9F5C300F017E5 /* UILabel+GTQLabel.m in Sources */,
				C496A7CA1CE02A6100F017E5 /* GTQScrollHeadView.m in Sources */,
				C496A7D61CE06CCD00F017E5 /* GTQDetailModel.m in Sources */,
				C496A7B11CDC444B00F017E5 /* GTQFoundHeaderModel.m in Sources */,
				C496A74B1CD9F8FB00F017E5 /* GTQCollectionViewController.m in Sources */,
			);
			runOnlyForDeploymentPostprocessing = 0;
		};
		C496A6741CD8924800F017E5 /* Sources */ = {
			isa = PBXSourcesBuildPhase;
			buildActionMask = 2147483647;
			files = (
				C496A67D1CD8924800F017E5 /* GTQHuntForCityTests.m in Sources */,
			);
			runOnlyForDeploymentPostprocessing = 0;
		};
		C496A67F1CD8924800F017E5 /* Sources */ = {
			isa = PBXSourcesBuildPhase;
			buildActionMask = 2147483647;
			files = (
				C496A6881CD8924800F017E5 /* GTQHuntForCityUITests.m in Sources */,
			);
			runOnlyForDeploymentPostprocessing = 0;
		};
/* End PBXSourcesBuildPhase section */

/* Begin PBXTargetDependency section */
		C496A67A1CD8924800F017E5 /* PBXTargetDependency */ = {
			isa = PBXTargetDependency;
			target = C496A65E1CD8924800F017E5 /* GTQHuntForCity */;
			targetProxy = C496A6791CD8924800F017E5 /* PBXContainerItemProxy */;
		};
		C496A6851CD8924800F017E5 /* PBXTargetDependency */ = {
			isa = PBXTargetDependency;
			target = C496A65E1CD8924800F017E5 /* GTQHuntForCity */;
			targetProxy = C496A6841CD8924800F017E5 /* PBXContainerItemProxy */;
		};
/* End PBXTargetDependency section */

/* Begin PBXVariantGroup section */
		C496A66B1CD8924800F017E5 /* Main.storyboard */ = {
			isa = PBXVariantGroup;
			children = (
				C496A66C1CD8924800F017E5 /* Base */,
			);
			name = Main.storyboard;
			sourceTree = "<group>";
		};
/* End PBXVariantGroup section */

/* Begin XCBuildConfiguration section */
		C496A68A1CD8924800F017E5 /* Debug */ = {
			isa = XCBuildConfiguration;
			buildSettings = {
				ALWAYS_SEARCH_USER_PATHS = NO;
				CLANG_CXX_LANGUAGE_STANDARD = "gnu++0x";
				CLANG_CXX_LIBRARY = "libc++";
				CLANG_ENABLE_MODULES = YES;
				CLANG_ENABLE_OBJC_ARC = YES;
				CLANG_WARN_BOOL_CONVERSION = YES;
				CLANG_WARN_CONSTANT_CONVERSION = YES;
				CLANG_WARN_DIRECT_OBJC_ISA_USAGE = YES_ERROR;
				CLANG_WARN_EMPTY_BODY = YES;
				CLANG_WARN_ENUM_CONVERSION = YES;
				CLANG_WARN_INT_CONVERSION = YES;
				CLANG_WARN_OBJC_ROOT_CLASS = YES_ERROR;
				CLANG_WARN_UNREACHABLE_CODE = YES;
				CLANG_WARN__DUPLICATE_METHOD_MATCH = YES;
				"CODE_SIGN_IDENTITY[sdk=iphoneos*]" = "iPhone Developer";
				COPY_PHASE_STRIP = NO;
				DEBUG_INFORMATION_FORMAT = dwarf;
				ENABLE_STRICT_OBJC_MSGSEND = YES;
				ENABLE_TESTABILITY = YES;
				GCC_C_LANGUAGE_STANDARD = gnu99;
				GCC_DYNAMIC_NO_PIC = NO;
				GCC_NO_COMMON_BLOCKS = YES;
				GCC_OPTIMIZATION_LEVEL = 0;
				GCC_PREPROCESSOR_DEFINITIONS = (
					"DEBUG=1",
					"$(inherited)",
				);
				GCC_WARN_64_TO_32_BIT_CONVERSION = YES;
				GCC_WARN_ABOUT_RETURN_TYPE = YES_ERROR;
				GCC_WARN_UNDECLARED_SELECTOR = YES;
				GCC_WARN_UNINITIALIZED_AUTOS = YES_AGGRESSIVE;
				GCC_WARN_UNUSED_FUNCTION = YES;
				GCC_WARN_UNUSED_VARIABLE = YES;
				IPHONEOS_DEPLOYMENT_TARGET = 9.2;
				MTL_ENABLE_DEBUG_INFO = YES;
				ONLY_ACTIVE_ARCH = YES;
				SDKROOT = iphoneos;
			};
			name = Debug;
		};
		C496A68B1CD8924800F017E5 /* Release */ = {
			isa = XCBuildConfiguration;
			buildSettings = {
				ALWAYS_SEARCH_USER_PATHS = NO;
				CLANG_CXX_LANGUAGE_STANDARD = "gnu++0x";
				CLANG_CXX_LIBRARY = "libc++";
				CLANG_ENABLE_MODULES = YES;
				CLANG_ENABLE_OBJC_ARC = YES;
				CLANG_WARN_BOOL_CONVERSION = YES;
				CLANG_WARN_CONSTANT_CONVERSION = YES;
				CLANG_WARN_DIRECT_OBJC_ISA_USAGE = YES_ERROR;
				CLANG_WARN_EMPTY_BODY = YES;
				CLANG_WARN_ENUM_CONVERSION = YES;
				CLANG_WARN_INT_CONVERSION = YES;
				CLANG_WARN_OBJC_ROOT_CLASS = YES_ERROR;
				CLANG_WARN_UNREACHABLE_CODE = YES;
				CLANG_WARN__DUPLICATE_METHOD_MATCH = YES;
				"CODE_SIGN_IDENTITY[sdk=iphoneos*]" = "iPhone Developer";
				COPY_PHASE_STRIP = NO;
				DEBUG_INFORMATION_FORMAT = "dwarf-with-dsym";
				ENABLE_NS_ASSERTIONS = NO;
				ENABLE_STRICT_OBJC_MSGSEND = YES;
				GCC_C_LANGUAGE_STANDARD = gnu99;
				GCC_NO_COMMON_BLOCKS = YES;
				GCC_WARN_64_TO_32_BIT_CONVERSION = YES;
				GCC_WARN_ABOUT_RETURN_TYPE = YES_ERROR;
				GCC_WARN_UNDECLARED_SELECTOR = YES;
				GCC_WARN_UNINITIALIZED_AUTOS = YES_AGGRESSIVE;
				GCC_WARN_UNUSED_FUNCTION = YES;
				GCC_WARN_UNUSED_VARIABLE = YES;
				IPHONEOS_DEPLOYMENT_TARGET = 9.2;
				MTL_ENABLE_DEBUG_INFO = NO;
				SDKROOT = iphoneos;
				VALIDATE_PRODUCT = YES;
			};
			name = Release;
		};
		C496A68D1CD8924800F017E5 /* Debug */ = {
			isa = XCBuildConfiguration;
			baseConfigurationReference = 49EEF66DCED2C0C4DD3FE2B6 /* Pods.debug.xcconfig */;
			buildSettings = {
				ASSETCATALOG_COMPILER_APPICON_NAME = AppIcon;
				ASSETCATALOG_COMPILER_LAUNCHIMAGE_NAME = LaunchImage;
				GCC_PRECOMPILE_PREFIX_HEADER = YES;
				GCC_PREFIX_HEADER = /Users/Lshuang/Desktop/GTQHuntForCity/GTQHuntForCity/GTQPrefixHeader.h;
				INFOPLIST_FILE = GTQHuntForCity/Info.plist;
				IPHONEOS_DEPLOYMENT_TARGET = 8.1;
				LD_RUNPATH_SEARCH_PATHS = "$(inherited) @executable_path/Frameworks";
				PRODUCT_BUNDLE_IDENTIFIER = com.dream.GTQHuntForCity;
				PRODUCT_NAME = "$(TARGET_NAME)";
				USER_HEADER_SEARCH_PATHS = "$(PODS_ROOT)/**";
			};
			name = Debug;
		};
		C496A68E1CD8924800F017E5 /* Release */ = {
			isa = XCBuildConfiguration;
			baseConfigurationReference = 217AF2A41D217F83764919B2 /* Pods.release.xcconfig */;
			buildSettings = {
				ASSETCATALOG_COMPILER_APPICON_NAME = AppIcon;
				ASSETCATALOG_COMPILER_LAUNCHIMAGE_NAME = LaunchImage;
				GCC_PRECOMPILE_PREFIX_HEADER = YES;
				GCC_PREFIX_HEADER = /Users/Lshuang/Desktop/GTQHuntForCity/GTQHuntForCity/GTQPrefixHeader.h;
				INFOPLIST_FILE = GTQHuntForCity/Info.plist;
				IPHONEOS_DEPLOYMENT_TARGET = 8.1;
				LD_RUNPATH_SEARCH_PATHS = "$(inherited) @executable_path/Frameworks";
				PRODUCT_BUNDLE_IDENTIFIER = com.dream.GTQHuntForCity;
				PRODUCT_NAME = "$(TARGET_NAME)";
				USER_HEADER_SEARCH_PATHS = "$(PODS_ROOT)/**";
			};
			name = Release;
		};
		C496A6901CD8924800F017E5 /* Debug */ = {
			isa = XCBuildConfiguration;
			buildSettings = {
				BUNDLE_LOADER = "$(TEST_HOST)";
				INFOPLIST_FILE = GTQHuntForCityTests/Info.plist;
				LD_RUNPATH_SEARCH_PATHS = "$(inherited) @executable_path/Frameworks @loader_path/Frameworks";
				PRODUCT_BUNDLE_IDENTIFIER = com.dream.GTQHuntForCityTests;
				PRODUCT_NAME = "$(TARGET_NAME)";
				TEST_HOST = "$(BUILT_PRODUCTS_DIR)/GTQHuntForCity.app/GTQHuntForCity";
			};
			name = Debug;
		};
		C496A6911CD8924800F017E5 /* Release */ = {
			isa = XCBuildConfiguration;
			buildSettings = {
				BUNDLE_LOADER = "$(TEST_HOST)";
				INFOPLIST_FILE = GTQHuntForCityTests/Info.plist;
				LD_RUNPATH_SEARCH_PATHS = "$(inherited) @executable_path/Frameworks @loader_path/Frameworks";
				PRODUCT_BUNDLE_IDENTIFIER = com.dream.GTQHuntForCityTests;
				PRODUCT_NAME = "$(TARGET_NAME)";
				TEST_HOST = "$(BUILT_PRODUCTS_DIR)/GTQHuntForCity.app/GTQHuntForCity";
			};
			name = Release;
		};
		C496A6931CD8924800F017E5 /* Debug */ = {
			isa = XCBuildConfiguration;
			buildSettings = {
				INFOPLIST_FILE = GTQHuntForCityUITests/Info.plist;
				LD_RUNPATH_SEARCH_PATHS = "$(inherited) @executable_path/Frameworks @loader_path/Frameworks";
				PRODUCT_BUNDLE_IDENTIFIER = com.dream.GTQHuntForCityUITests;
				PRODUCT_NAME = "$(TARGET_NAME)";
				TEST_TARGET_NAME = GTQHuntForCity;
				USES_XCTRUNNER = YES;
			};
			name = Debug;
		};
		C496A6941CD8924800F017E5 /* Release */ = {
			isa = XCBuildConfiguration;
			buildSettings = {
				INFOPLIST_FILE = GTQHuntForCityUITests/Info.plist;
				LD_RUNPATH_SEARCH_PATHS = "$(inherited) @executable_path/Frameworks @loader_path/Frameworks";
				PRODUCT_BUNDLE_IDENTIFIER = com.dream.GTQHuntForCityUITests;
				PRODUCT_NAME = "$(TARGET_NAME)";
				TEST_TARGET_NAME = GTQHuntForCity;
				USES_XCTRUNNER = YES;
			};
			name = Release;
		};
/* End XCBuildConfiguration section */

/* Begin XCConfigurationList section */
		C496A65A1CD8924800F017E5 /* Build configuration list for PBXProject "GTQHuntForCity" */ = {
			isa = XCConfigurationList;
			buildConfigurations = (
				C496A68A1CD8924800F017E5 /* Debug */,
				C496A68B1CD8924800F017E5 /* Release */,
			);
			defaultConfigurationIsVisible = 0;
			defaultConfigurationName = Release;
		};
		C496A68C1CD8924800F017E5 /* Build configuration list for PBXNativeTarget "GTQHuntForCity" */ = {
			isa = XCConfigurationList;
			buildConfigurations = (
				C496A68D1CD8924800F017E5 /* Debug */,
				C496A68E1CD8924800F017E5 /* Release */,
			);
			defaultConfigurationIsVisible = 0;
			defaultConfigurationName = Release;
		};
		C496A68F1CD8924800F017E5 /* Build configuration list for PBXNativeTarget "GTQHuntForCityTests" */ = {
			isa = XCConfigurationList;
			buildConfigurations = (
				C496A6901CD8924800F017E5 /* Debug */,
				C496A6911CD8924800F017E5 /* Release */,
			);
			defaultConfigurationIsVisible = 0;
			defaultConfigurationName = Release;
		};
		C496A6921CD8924800F017E5 /* Build configuration list for PBXNativeTarget "GTQHuntForCityUITests" */ = {
			isa = XCConfigurationList;
			buildConfigurations = (
				C496A6931CD8924800F017E5 /* Debug */,
				C496A6941CD8924800F017E5 /* Release */,
			);
			defaultConfigurationIsVisible = 0;
			defaultConfigurationName = Release;
		};
/* End XCConfigurationList section */
	};
	rootObject = C496A6571CD8924800F017E5 /* Project object */;
}
