// !$*UTF8*$!
{
	archiveVersion = 1;
	classes = {
	};
	objectVersion = 46;
	objects = {

/* Begin PBXBuildFile section */
		08143D9D4878DBD3F38DB2CA /* libPods.a in Frameworks */ = {isa = PBXBuildFile; fileRef = 38CAB39587B16DFF64E21BAA /* libPods.a */; };
		C496A6641CD8924800F017E5 /* main.m in Sources */ = {isa = PBXBuildFile; fileRef = C496A6631CD8924800F017E5 /* main.m */; };
		C496A66D1CD8924800F017E5 /* Main.storyboard in Resources */ = {isa = PBXBuildFile; fileRef = C496A66B1CD8924800F017E5 /* Main.storyboard */; };
		C496A66F1CD8924800F017E5 /* Assets.xcassets in Resources */ = {isa = PBXBuildFile; fileRef = C496A66E1CD8924800F017E5 /* Assets.xcassets */; };
		C496A67D1CD8924800F017E5 /* GTQHuntForCityTests.m in Sources */ = {isa = PBXBuildFile; fileRef = C496A67C1CD8924800F017E5 /* GTQHuntForCityTests.m */; };
		C496A6881CD8924800F017E5 /* GTQHuntForCityUITests.m in Sources */ = {isa = PBXBuildFile; fileRef = C496A6871CD8924800F017E5 /* GTQHuntForCityUITests.m */; };
		C496A6E91CD9F5C300F017E5 /* UIBarButtonItem+quickInit.m in Sources */ = {isa = PBXBuildFile; fileRef = C496A6E21CD9F5C300F017E5 /* UIBarButtonItem+quickInit.m */; };
		C496A6EA1CD9F5C300F017E5 /* UIButton+GTQButton.m in Sources */ = {isa = PBXBuildFile; fileRef = C496A6E41CD9F5C300F017E5 /* UIButton+GTQButton.m */; };
		C496A6EB1CD9F5C300F017E5 /* UIColor+GTQColor.m in Sources */ = {isa = PBXBuildFile; fileRef = C496A6E61CD9F5C300F017E5 /* UIColor+GTQColor.m */; };
		C496A6EC1CD9F5C300F017E5 /* UILabel+GTQLabel.m in Sources */ = {isa = PBXBuildFile; fileRef = C496A6E81CD9F5C300F017E5 /* UILabel+GTQLabel.m */; };
		C496A7201CD9F7C800F017E5 /* AppDelegate.m in Sources */ = {isa = PBXBuildFile; fileRef = C496A71F1CD9F7C800F017E5 /* AppDelegate.m */; };
		C496A7231CD9F7FE00F017E5 /* GTQHomeViewController.m in Sources */ = {isa = PBXBuildFile; fileRef = C496A7221CD9F7FE00F017E5 /* GTQHomeViewController.m */; };
		C496A7261CD9F83F00F017E5 /* GTQFoundViewController.m in Sources */ = {isa = PBXBuildFile; fileRef = C496A7251CD9F83F00F017E5 /* GTQFoundViewController.m */; };
		C496A7341CD9F89A00F017E5 /* GTQBaseViewController.m in Sources */ = {isa = PBXBuildFile; fileRef = C496A7281CD9F89A00F017E5 /* GTQBaseViewController.m */; };
		C496A7351CD9F89A00F017E5 /* GTQCityButton.m in Sources */ = {isa = PBXBuildFile; fileRef = C496A72A1CD9F89A00F017E5 /* GTQCityButton.m */; };
		C496A7361CD9F89A00F017E5 /* GTQLeftMenuView.m in Sources */ = {isa = PBXBuildFile; fileRef = C496A72C1CD9F89A00F017E5 /* GTQLeftMenuView.m */; };
		C496A7371CD9F89A00F017E5 /* GTQLeftMenuView.xib in Resources */ = {isa = PBXBuildFile; fileRef = C496A72D1CD9F89A00F017E5 /* GTQLeftMenuView.xib */; };
		C496A7381CD9F89A00F017E5 /* GTQMainViewController.m in Sources */ = {isa = PBXBuildFile; fileRef = C496A72F1CD9F89A00F017E5 /* GTQMainViewController.m */; };
		C496A7391CD9F89A00F017E5 /* GTQMenuButton.m in Sources */ = {isa = PBXBuildFile; fileRef = C496A7311CD9F89A00F017E5 /* GTQMenuButton.m */; };
		C496A73A1CD9F89A00F017E5 /* GTQNavigationController.m in Sources */ = {isa = PBXBuildFile; fileRef = C496A7331CD9F89A00F017E5 /* GTQNavigationController.m */; };
		C496A74A1CD9F8FB00F017E5 /* GTQBeenViewController.m in Sources */ = {isa = PBXBuildFile; fileRef = C496A73D1CD9F8FB00F017E5 /* GTQBeenViewController.m */; };
		C496A74B1CD9F8FB00F017E5 /* GTQCollectionViewController.m in Sources */ = {isa = PBXBuildFile; fileRef = C496A7401CD9F8FB00F017E5 /* GTQCollectionViewController.m */; };
		C496A74C1CD9F8FB00F017E5 /* GTQMessageViewController.m in Sources */ = {isa = PBXBuildFile; fileRef = C496A7431CD9F8FB00F017E5 /* GTQMessageViewController.m */; };
		C496A74D1CD9F8FB00F017E5 /* GTQSettingViewController.m in Sources */ = {isa = PBXBuildFile; fileRef = C496A7461CD9F8FB00F017E5 /* GTQSettingViewController.m */; };
		C496A74E1CD9F8FB00F017E5 /* GTQUserViewController.m in Sources */ = {isa = PBXBuildFile; fileRef = C496A7491CD9F8FB00F017E5 /* GTQUserViewController.m */; };
/* End PBXBuildFile section */

/* Begin PBXContainerItemProxy section */
		C496A6791CD8924800F017E5 /* PBXContainerItemProxy */ = {
			isa = PBXContainerItemProxy;
			containerPortal = C496A6571CD8924800F017E5 /* Project object */;
			proxyType = 1;
			remoteGlobalIDString = C496A65E1CD8924800F017E5;
			remoteInfo = GTQHuntForCity;
		};
		C496A6841CD8924800F017E5 /* PBXContainerItemProxy */ = {
			isa = PBXContainerItemProxy;
			containerPortal = C496A6571CD8924800F017E5 /* Project object */;
			proxyType = 1;
			remoteGlobalIDString = C496A65E1CD8924800F017E5;
			remoteInfo = GTQHuntForCity;
		};
/* End PBXContainerItemProxy section */

/* Begin PBXFileReference section */
		217AF2A41D217F83764919B2 /* Pods.release.xcconfig */ = {isa = PBXFileReference; includeInIndex = 1; lastKnownFileType = text.xcconfig; name = Pods.release.xcconfig; path = "Pods/Target Support Files/Pods/Pods.release.xcconfig"; sourceTree = "<group>"; };
		38CAB39587B16DFF64E21BAA /* libPods.a */ = {isa = PBXFileReference; explicitFileType = archive.ar; includeInIndex = 0; path = libPods.a; sourceTree = BUILT_PRODUCTS_DIR; };
		49EEF66DCED2C0C4DD3FE2B6 /* Pods.debug.xcconfig */ = {isa = PBXFileReference; includeInIndex = 1; lastKnownFileType = text.xcconfig; name = Pods.debug.xcconfig; path = "Pods/Target Support Files/Pods/Pods.debug.xcconfig"; sourceTree = "<group>"; };
		C496A65F1CD8924800F017E5 /* GTQHuntForCity.app */ = {isa = PBXFileReference; explicitFileType = wrapper.application; includeInIndex = 0; path = GTQHuntForCity.app; sourceTree = BUILT_PRODUCTS_DIR; };
		C496A6631CD8924800F017E5 /* main.m */ = {isa = PBXFileReference; lastKnownFileType = sourcecode.c.objc; path = main.m; sourceTree = "<group>"; };
		C496A66C1CD8924800F017E5 /* Base */ = {isa = PBXFileReference; lastKnownFileType = file.storyboard; name = Base; path = Base.lproj/Main.storyboard; sourceTree = "<group>"; };
		C496A66E1CD8924800F017E5 /* Assets.xcassets */ = {isa = PBXFileReference; lastKnownFileType = folder.assetcatalog; path = Assets.xcassets; sourceTree = "<group>"; };
		C496A6731CD8924800F017E5 /* Info.plist */ = {isa = PBXFileReference; lastKnownFileType = text.plist.xml; path = Info.plist; sourceTree = "<group>"; };
		C496A6781CD8924800F017E5 /* GTQHuntForCityTests.xctest */ = {isa = PBXFileReference; explicitFileType = wrapper.cfbundle; includeInIndex = 0; path = GTQHuntForCityTests.xctest; sourceTree = BUILT_PRODUCTS_DIR; };
		C496A67C1CD8924800F017E5 /* GTQHuntForCityTests.m */ = {isa = PBXFileReference; lastKnownFileType = sourcecode.c.objc; path = GTQHuntForCityTests.m; sourceTree = "<group>"; };
		C496A67E1CD8924800F017E5 /* Info.plist */ = {isa = PBXFileReference; lastKnownFileType = text.plist.xml; path = Info.plist; sourceTree = "<group>"; };
		C496A6831CD8924800F017E5 /* GTQHuntForCityUITests.xctest */ = {isa = PBXFileReference; explicitFileType = wrapper.cfbundle; includeInIndex = 0; path = GTQHuntForCityUITests.xctest; sourceTree = BUILT_PRODUCTS_DIR; };
		C496A6871CD8924800F017E5 /* GTQHuntForCityUITests.m */ = {isa = PBXFileReference; lastKnownFileType = sourcecode.c.objc; path = GTQHuntForCityUITests.m; sourceTree = "<group>"; };
		C496A6891CD8924800F017E5 /* Info.plist */ = {isa = PBXFileReference; lastKnownFileType = text.plist.xml; path = Info.plist; sourceTree = "<group>"; };
		C496A6AF1CD8B5E900F017E5 /* GTQPrefixHeader.h */ = {isa = PBXFileReference; lastKnownFileType = sourcecode.c.h; path = GTQPrefixHeader.h; sourceTree = "<group>"; };
		C496A6E11CD9F5C300F017E5 /* UIBarButtonItem+quickInit.h */ = {isa = PBXFileReference; fileEncoding = 4; lastKnownFileType = sourcecode.c.h; path = "UIBarButtonItem+quickInit.h"; sourceTree = "<group>"; };
		C496A6E21CD9F5C300F017E5 /* UIBarButtonItem+quickInit.m */ = {isa = PBXFileReference; fileEncoding = 4; lastKnownFileType = sourcecode.c.objc; path = "UIBarButtonItem+quickInit.m"; sourceTree = "<group>"; };
		C496A6E31CD9F5C300F017E5 /* UIButton+GTQButton.h */ = {isa = PBXFileReference; fileEncoding = 4; lastKnownFileType = sourcecode.c.h; path = "UIButton+GTQButton.h"; sourceTree = "<group>"; };
		C496A6E41CD9F5C300F017E5 /* UIButton+GTQButton.m */ = {isa = PBXFileReference; fileEncoding = 4; lastKnownFileType = sourcecode.c.objc; path = "UIButton+GTQButton.m"; sourceTree = "<group>"; };
		C496A6E51CD9F5C300F017E5 /* UIColor+GTQColor.h */ = {isa = PBXFileReference; fileEncoding = 4; lastKnownFileType = sourcecode.c.h; path = "UIColor+GTQColor.h"; sourceTree = "<group>"; };
		C496A6E61CD9F5C300F017E5 /* UIColor+GTQColor.m */ = {isa = PBXFileReference; fileEncoding = 4; lastKnownFileType = sourcecode.c.objc; path = "UIColor+GTQColor.m"; sourceTree = "<group>"; };
		C496A6E71CD9F5C300F017E5 /* UILabel+GTQLabel.h */ = {isa = PBXFileReference; fileEncoding = 4; lastKnownFileType = sourcecode.c.h; path = "UILabel+GTQLabel.h"; sourceTree = "<group>"; };
		C496A6E81CD9F5C300F017E5 /* UILabel+GTQLabel.m */ = {isa = PBXFileReference; fileEncoding = 4; lastKnownFileType = sourcecode.c.objc; path = "UILabel+GTQLabel.m"; sourceTree = "<group>"; };
		C496A71E1CD9F7C800F017E5 /* AppDelegate.h */ = {isa = PBXFileReference; fileEncoding = 4; lastKnownFileType = sourcecode.c.h; path = AppDelegate.h; sourceTree = "<group>"; };
		C496A71F1CD9F7C800F017E5 /* AppDelegate.m */ = {isa = PBXFileReference; fileEncoding = 4; lastKnownFileType = sourcecode.c.objc; path = AppDelegate.m; sourceTree = "<group>"; };
		C496A7211CD9F7FE00F017E5 /* GTQHomeViewController.h */ = {isa = PBXFileReference; fileEncoding = 4; lastKnownFileType = sourcecode.c.h; path = GTQHomeViewController.h; sourceTree = "<group>"; };
		C496A7221CD9F7FE00F017E5 /* GTQHomeViewController.m */ = {isa = PBXFileReference; fileEncoding = 4; lastKnownFileType = sourcecode.c.objc; path = GTQHomeViewController.m; sourceTree = "<group>"; };
		C496A7241CD9F83F00F017E5 /* GTQFoundViewController.h */ = {isa = PBXFileReference; fileEncoding = 4; lastKnownFileType = sourcecode.c.h; path = GTQFoundViewController.h; sourceTree = "<group>"; };
		C496A7251CD9F83F00F017E5 /* GTQFoundViewController.m */ = {isa = PBXFileReference; fileEncoding = 4; lastKnownFileType = sourcecode.c.objc; path = GTQFoundViewController.m; sourceTree = "<group>"; };
		C496A7271CD9F89A00F017E5 /* GTQBaseViewController.h */ = {isa = PBXFileReference; fileEncoding = 4; lastKnownFileType = sourcecode.c.h; path = GTQBaseViewController.h; sourceTree = "<group>"; };
		C496A7281CD9F89A00F017E5 /* GTQBaseViewController.m */ = {isa = PBXFileReference; fileEncoding = 4; lastKnownFileType = sourcecode.c.objc; path = GTQBaseViewController.m; sourceTree = "<group>"; };
		C496A7291CD9F89A00F017E5 /* GTQCityButton.h */ = {isa = PBXFileReference; fileEncoding = 4; lastKnownFileType = sourcecode.c.h; path = GTQCityButton.h; sourceTree = "<group>"; };
		C496A72A1CD9F89A00F017E5 /* GTQCityButton.m */ = {isa = PBXFileReference; fileEncoding = 4; lastKnownFileType = sourcecode.c.objc; path = GTQCityButton.m; sourceTree = "<group>"; };
		C496A72B1CD9F89A00F017E5 /* GTQLeftMenuView.h */ = {isa = PBXFileReference; fileEncoding = 4; lastKnownFileType = sourcecode.c.h; path = GTQLeftMenuView.h; sourceTree = "<group>"; };
		C496A72C1CD9F89A00F017E5 /* GTQLeftMenuView.m */ = {isa = PBXFileReference; fileEncoding = 4; lastKnownFileType = sourcecode.c.objc; path = GTQLeftMenuView.m; sourceTree = "<group>"; };
		C496A72D1CD9F89A00F017E5 /* GTQLeftMenuView.xib */ = {isa = PBXFileReference; fileEncoding = 4; lastKnownFileType = file.xib; path = GTQLeftMenuView.xib; sourceTree = "<group>"; };
		C496A72E1CD9F89A00F017E5 /* GTQMainViewController.h */ = {isa = PBXFileReference; fileEncoding = 4; lastKnownFileType = sourcecode.c.h; path = GTQMainViewController.h; sourceTree = "<group>"; };
		C496A72F1CD9F89A00F017E5 /* GTQMainViewController.m */ = {isa = PBXFileReference; fileEncoding = 4; lastKnownFileType = sourcecode.c.objc; path = GTQMainViewController.m; sourceTree = "<group>"; };
		C496A7301CD9F89A00F017E5 /* GTQMenuButton.h */ = {isa = PBXFileReference; fileEncoding = 4; lastKnownFileType = sourcecode.c.h; path = GTQMenuButton.h; sourceTree = "<group>"; };
		C496A7311CD9F89A00F017E5 /* GTQMenuButton.m */ = {isa = PBXFileReference; fileEncoding = 4; lastKnownFileType = sourcecode.c.objc; path = GTQMenuButton.m; sourceTree = "<group>"; };
		C496A7321CD9F89A00F017E5 /* GTQNavigationController.h */ = {isa = PBXFileReference; fileEncoding = 4; lastKnownFileType = sourcecode.c.h; path = GTQNavigationController.h; sourceTree = "<group>"; };
		C496A7331CD9F89A00F017E5 /* GTQNavigationController.m */ = {isa = PBXFileReference; fileEncoding = 4; lastKnownFileType = sourcecode.c.objc; path = GTQNavigationController.m; sourceTree = "<group>"; };
		C496A73C1CD9F8FB00F017E5 /* GTQBeenViewController.h */ = {isa = PBXFileReference; fileEncoding = 4; lastKnownFileType = sourcecode.c.h; path = GTQBeenViewController.h; sourceTree = "<group>"; };
		C496A73D1CD9F8FB00F017E5 /* GTQBeenViewController.m */ = {isa = PBXFileReference; fileEncoding = 4; lastKnownFileType = sourcecode.c.objc; path = GTQBeenViewController.m; sourceTree = "<group>"; };
		C496A73F1CD9F8FB00F017E5 /* GTQCollectionViewController.h */ = {isa = PBXFileReference; fileEncoding = 4; lastKnownFileType = sourcecode.c.h; path = GTQCollectionViewController.h; sourceTree = "<group>"; };
		C496A7401CD9F8FB00F017E5 /* GTQCollectionViewController.m */ = {isa = PBXFileReference; fileEncoding = 4; lastKnownFileType = sourcecode.c.objc; path = GTQCollectionViewController.m; sourceTree = "<group>"; };
		C496A7421CD9F8FB00F017E5 /* GTQMessageViewController.h */ = {isa = PBXFileReference; fileEncoding = 4; lastKnownFileType = sourcecode.c.h; path = GTQMessageViewController.h; sourceTree = "<group>"; };
		C496A7431CD9F8FB00F017E5 /* GTQMessageViewController.m */ = {isa = PBXFileReference; fileEncoding = 4; lastKnownFileType = sourcecode.c.objc; path = GTQMessageViewController.m; sourceTree = "<group>"; };
		C496A7451CD9F8FB00F017E5 /* GTQSettingViewController.h */ = {isa = PBXFileReference; fileEncoding = 4; lastKnownFileType = sourcecode.c.h; path = GTQSettingViewController.h; sourceTree = "<group>"; };
		C496A7461CD9F8FB00F017E5 /* GTQSettingViewController.m */ = {isa = PBXFileReference; fileEncoding = 4; lastKnownFileType = sourcecode.c.objc; path = GTQSettingViewController.m; sourceTree = "<group>"; };
		C496A7481CD9F8FB00F017E5 /* GTQUserViewController.h */ = {isa = PBXFileReference; fileEncoding = 4; lastKnownFileType = sourcecode.c.h; path = GTQUserViewController.h; sourceTree = "<group>"; };
		C496A7491CD9F8FB00F017E5 /* GTQUserViewController.m */ = {isa = PBXFileReference; fileEncoding = 4; lastKnownFileType = sourcecode.c.objc; path = GTQUserViewController.m; sourceTree = "<group>"; };
/* End PBXFileReference section */

/* Begin PBXFrameworksBuildPhase section */
		C496A65C1CD8924800F017E5 /* Frameworks */ = {
			isa = PBXFrameworksBuildPhase;
			buildActionMask = 2147483647;
			files = (
				08143D9D4878DBD3F38DB2CA /* libPods.a in Frameworks */,
			);
			runOnlyForDeploymentPostprocessing = 0;
		};
		C496A6751CD8924800F017E5 /* Frameworks */ = {
			isa = PBXFrameworksBuildPhase;
			buildActionMask = 2147483647;
			files = (
			);
			runOnlyForDeploymentPostprocessing = 0;
		};
		C496A6801CD8924800F017E5 /* Frameworks */ = {
			isa = PBXFrameworksBuildPhase;
			buildActionMask = 2147483647;
			files = (
			);
			runOnlyForDeploymentPostprocessing = 0;
		};
/* End PBXFrameworksBuildPhase section */

/* Begin PBXGroup section */
		6FB4226FE76AF2D27DAAF463 /* Pods */ = {
			isa = PBXGroup;
			children = (
				49EEF66DCED2C0C4DD3FE2B6 /* Pods.debug.xcconfig */,
				217AF2A41D217F83764919B2 /* Pods.release.xcconfig */,
			);
			name = Pods;
			sourceTree = "<group>";
		};
		C496A6561CD8924800F017E5 = {
			isa = PBXGroup;
			children = (
				C496A6611CD8924800F017E5 /* GTQHuntForCity */,
				C496A67B1CD8924800F017E5 /* GTQHuntForCityTests */,
				C496A6861CD8924800F017E5 /* GTQHuntForCityUITests */,
				C496A6601CD8924800F017E5 /* Products */,
				6FB4226FE76AF2D27DAAF463 /* Pods */,
				E6F9DEABB3425306A2AF67B8 /* Frameworks */,
			);
			sourceTree = "<group>";
		};
		C496A6601CD8924800F017E5 /* Products */ = {
			isa = PBXGroup;
			children = (
				C496A65F1CD8924800F017E5 /* GTQHuntForCity.app */,
				C496A6781CD8924800F017E5 /* GTQHuntForCityTests.xctest */,
				C496A6831CD8924800F017E5 /* GTQHuntForCityUITests.xctest */,
			);
			name = Products;
			sourceTree = "<group>";
		};
		C496A6611CD8924800F017E5 /* GTQHuntForCity */ = {
			isa = PBXGroup;
			children = (
				C496A6E01CD9F5C300F017E5 /* Category */,
				C496A6ED1CD9F69500F017E5 /* Classes */,
				C496A66B1CD8924800F017E5 /* Main.storyboard */,
				C496A66E1CD8924800F017E5 /* Assets.xcassets */,
				C496A6731CD8924800F017E5 /* Info.plist */,
				C496A6621CD8924800F017E5 /* Supporting Files */,
			);
			path = GTQHuntForCity;
			sourceTree = "<group>";
		};
		C496A6621CD8924800F017E5 /* Supporting Files */ = {
			isa = PBXGroup;
			children = (
				C496A6631CD8924800F017E5 /* main.m */,
				C496A6AF1CD8B5E900F017E5 /* GTQPrefixHeader.h */,
			);
			name = "Supporting Files";
			sourceTree = "<group>";
		};
		C496A67B1CD8924800F017E5 /* GTQHuntForCityTests */ = {
			isa = PBXGroup;
			children = (
				C496A67C1CD8924800F017E5 /* GTQHuntForCityTests.m */,
				C496A67E1CD8924800F017E5 /* Info.plist */,
			);
			path = GTQHuntForCityTests;
			sourceTree = "<group>";
		};
		C496A6861CD8924800F017E5 /* GTQHuntForCityUITests */ = {
			isa = PBXGroup;
			children = (
				C496A6871CD8924800F017E5 /* GTQHuntForCityUITests.m */,
				C496A6891CD8924800F017E5 /* Info.plist */,
			);
			path = GTQHuntForCityUITests;
			sourceTree = "<group>";
		};
		C496A6E01CD9F5C300F017E5 /* Category */ = {
			isa = PBXGroup;
			children = (
				C496A6E11CD9F5C300F017E5 /* UIBarButtonItem+quickInit.h */,
				C496A6E21CD9F5C300F017E5 /* UIBarButtonItem+quickInit.m */,
				C496A6E31CD9F5C300F017E5 /* UIButton+GTQButton.h */,
				C496A6E41CD9F5C300F017E5 /* UIButton+GTQButton.m */,
				C496A6E51CD9F5C300F017E5 /* UIColor+GTQColor.h */,
				C496A6E61CD9F5C300F017E5 /* UIColor+GTQColor.m */,
				C496A6E71CD9F5C300F017E5 /* UILabel+GTQLabel.h */,
				C496A6E81CD9F5C300F017E5 /* UILabel+GTQLabel.m */,
			);
			path = Category;
			sourceTree = "<group>";
		};
		C496A6ED1CD9F69500F017E5 /* Classes */ = {
			isa = PBXGroup;
			children = (
				C496A73B1CD9F8FB00F017E5 /* Been */,
				C496A73E1CD9F8FB00F017E5 /* Collection */,
				C496A7411CD9F8FB00F017E5 /* Message */,
				C496A7441CD9F8FB00F017E5 /* Setting */,
				C496A7471CD9F8FB00F017E5 /* User */,
				C496A71D1CD9F75200F017E5 /* Other */,
				C496A6F01CD9F69500F017E5 /* Found */,
				C496A70C1CD9F69500F017E5 /* Home */,
				C496A70D1CD9F69500F017E5 /* Main */,
			);
			path = Classes;
			sourceTree = "<group>";
		};
		C496A6F01CD9F69500F017E5 /* Found */ = {
			isa = PBXGroup;
			children = (
				C496A7241CD9F83F00F017E5 /* GTQFoundViewController.h */,
				C496A7251CD9F83F00F017E5 /* GTQFoundViewController.m */,
			);
			path = Found;
			sourceTree = "<group>";
		};
		C496A70C1CD9F69500F017E5 /* Home */ = {
			isa = PBXGroup;
			children = (
				C496A7211CD9F7FE00F017E5 /* GTQHomeViewController.h */,
				C496A7221CD9F7FE00F017E5 /* GTQHomeViewController.m */,
			);
			path = Home;
			sourceTree = "<group>";
		};
		C496A70D1CD9F69500F017E5 /* Main */ = {
			isa = PBXGroup;
			children = (
				C496A7271CD9F89A00F017E5 /* GTQBaseViewController.h */,
				C496A7281CD9F89A00F017E5 /* GTQBaseViewController.m */,
				C496A7291CD9F89A00F017E5 /* GTQCityButton.h */,
				C496A72A1CD9F89A00F017E5 /* GTQCityButton.m */,
				C496A72B1CD9F89A00F017E5 /* GTQLeftMenuView.h */,
				C496A72C1CD9F89A00F017E5 /* GTQLeftMenuView.m */,
				C496A72D1CD9F89A00F017E5 /* GTQLeftMenuView.xib */,
				C496A72E1CD9F89A00F017E5 /* GTQMainViewController.h */,
				C496A72F1CD9F89A00F017E5 /* GTQMainViewController.m */,
				C496A7301CD9F89A00F017E5 /* GTQMenuButton.h */,
				C496A7311CD9F89A00F017E5 /* GTQMenuButton.m */,
				C496A7321CD9F89A00F017E5 /* GTQNavigationController.h */,
				C496A7331CD9F89A00F017E5 /* GTQNavigationController.m */,
			);
			path = Main;
			sourceTree = "<group>";
		};
		C496A71D1CD9F75200F017E5 /* Other */ = {
			isa = PBXGroup;
			children = (
				C496A71E1CD9F7C800F017E5 /* AppDelegate.h */,
				C496A71F1CD9F7C800F017E5 /* AppDelegate.m */,
			);
			path = Other;
			sourceTree = "<group>";
		};
		C496A73B1CD9F8FB00F017E5 /* Been */ = {
			isa = PBXGroup;
			children = (
				C496A73C1CD9F8FB00F017E5 /* GTQBeenViewController.h */,
				C496A73D1CD9F8FB00F017E5 /* GTQBeenViewController.m */,
			);
			path = Been;
			sourceTree = "<group>";
		};
		C496A73E1CD9F8FB00F017E5 /* Collection */ = {
			isa = PBXGroup;
			children = (
				C496A73F1CD9F8FB00F017E5 /* GTQCollectionViewController.h */,
				C496A7401CD9F8FB00F017E5 /* GTQCollectionViewController.m */,
			);
			path = Collection;
			sourceTree = "<group>";
		};
		C496A7411CD9F8FB00F017E5 /* Message */ = {
			isa = PBXGroup;
			children = (
				C496A7421CD9F8FB00F017E5 /* GTQMessageViewController.h */,
				C496A7431CD9F8FB00F017E5 /* GTQMessageViewController.m */,
			);
			path = Message;
			sourceTree = "<group>";
		};
		C496A7441CD9F8FB00F017E5 /* Setting */ = {
			isa = PBXGroup;
			children = (
				C496A7451CD9F8FB00F017E5 /* GTQSettingViewController.h */,
				C496A7461CD9F8FB00F017E5 /* GTQSettingViewController.m */,
			);
			path = Setting;
			sourceTree = "<group>";
		};
		C496A7471CD9F8FB00F017E5 /* User */ = {
			isa = PBXGroup;
			children = (
				C496A7481CD9F8FB00F017E5 /* GTQUserViewController.h */,
				C496A7491CD9F8FB00F017E5 /* GTQUserViewController.m */,
			);
			path = User;
			sourceTree = "<group>";
		};
		E6F9DEABB3425306A2AF67B8 /* Frameworks */ = {
			isa = PBXGroup;
			children = (
				38CAB39587B16DFF64E21BAA /* libPods.a */,
			);
			name = Frameworks;
			sourceTree = "<group>";
		};
/* End PBXGroup section */

/* Begin PBXNativeTarget section */
		C496A65E1CD8924800F017E5 /* GTQHuntForCity */ = {
			isa = PBXNativeTarget;
			buildConfigurationList = C496A68C1CD8924800F017E5 /* Build configuration list for PBXNativeTarget "GTQHuntForCity" */;
			buildPhases = (
				0C329116E2EF929490CDFACE /* Check Pods Manifest.lock */,
				C496A65B1CD8924800F017E5 /* Sources */,
				C496A65C1CD8924800F017E5 /* Frameworks */,
				C496A65D1CD8924800F017E5 /* Resources */,
				D1A87A344385C49AA65E5968 /* Copy Pods Resources */,
			);
			buildRules = (
			);
			dependencies = (
			);
			name = GTQHuntForCity;
			productName = GTQHuntForCity;
			productReference = C496A65F1CD8924800F017E5 /* GTQHuntForCity.app */;
			productType = "com.apple.product-type.application";
		};
		C496A6771CD8924800F017E5 /* GTQHuntForCityTests */ = {
			isa = PBXNativeTarget;
			buildConfigurationList = C496A68F1CD8924800F017E5 /* Build configuration list for PBXNativeTarget "GTQHuntForCityTests" */;
			buildPhases = (
				C496A6741CD8924800F017E5 /* Sources */,
				C496A6751CD8924800F017E5 /* Frameworks */,
				C496A6761CD8924800F017E5 /* Resources */,
			);
			buildRules = (
			);
			dependencies = (
				C496A67A1CD8924800F017E5 /* PBXTargetDependency */,
			);
			name = GTQHuntForCityTests;
			productName = GTQHuntForCityTests;
			productReference = C496A6781CD8924800F017E5 /* GTQHuntForCityTests.xctest */;
			productType = "com.apple.product-type.bundle.unit-test";
		};
		C496A6821CD8924800F017E5 /* GTQHuntForCityUITests */ = {
			isa = PBXNativeTarget;
			buildConfigurationList = C496A6921CD8924800F017E5 /* Build configuration list for PBXNativeTarget "GTQHuntForCityUITests" */;
			buildPhases = (
				C496A67F1CD8924800F017E5 /* Sources */,
				C496A6801CD8924800F017E5 /* Frameworks */,
				C496A6811CD8924800F017E5 /* Resources */,
			);
			buildRules = (
			);
			dependencies = (
				C496A6851CD8924800F017E5 /* PBXTargetDependency */,
			);
			name = GTQHuntForCityUITests;
			productName = GTQHuntForCityUITests;
			productReference = C496A6831CD8924800F017E5 /* GTQHuntForCityUITests.xctest */;
			productType = "com.apple.product-type.bundle.ui-testing";
		};
/* End PBXNativeTarget section */

/* Begin PBXProject section */
		C496A6571CD8924800F017E5 /* Project object */ = {
			isa = PBXProject;
			attributes = {
				LastUpgradeCheck = 0720;
				ORGANIZATIONNAME = Ls;
				TargetAttributes = {
					C496A65E1CD8924800F017E5 = {
						CreatedOnToolsVersion = 7.2.1;
					};
					C496A6771CD8924800F017E5 = {
						CreatedOnToolsVersion = 7.2.1;
						TestTargetID = C496A65E1CD8924800F017E5;
					};
					C496A6821CD8924800F017E5 = {
						CreatedOnToolsVersion = 7.2.1;
						TestTargetID = C496A65E1CD8924800F017E5;
					};
				};
			};
			buildConfigurationList = C496A65A1CD8924800F017E5 /* Build configuration list for PBXProject "GTQHuntForCity" */;
			compatibilityVersion = "Xcode 3.2";
			developmentRegion = English;
			hasScannedForEncodings = 0;
			knownRegions = (
				en,
				Base,
			);
			mainGroup = C496A6561CD8924800F017E5;
			productRefGroup = C496A6601CD8924800F017E5 /* Products */;
			projectDirPath = "";
			projectRoot = "";
			targets = (
				C496A65E1CD8924800F017E5 /* GTQHuntForCity */,
				C496A6771CD8924800F017E5 /* GTQHuntForCityTests */,
				C496A6821CD8924800F017E5 /* GTQHuntForCityUITests */,
			);
		};
/* End PBXProject section */

/* Begin PBXResourcesBuildPhase section */
		C496A65D1CD8924800F017E5 /* Resources */ = {
			isa = PBXResourcesBuildPhase;
			buildActionMask = 2147483647;
			files = (
				C496A66F1CD8924800F017E5 /* Assets.xcassets in Resources */,
				C496A7371CD9F89A00F017E5 /* GTQLeftMenuView.xib in Resources */,
				C496A66D1CD8924800F017E5 /* Main.storyboard in Resources */,
			);
			runOnlyForDeploymentPostprocessing = 0;
		};
		C496A6761CD8924800F017E5 /* Resources */ = {
			isa = PBXResourcesBuildPhase;
			buildActionMask = 2147483647;
			files = (
			);
			runOnlyForDeploymentPostprocessing = 0;
		};
		C496A6811CD8924800F017E5 /* Resources */ = {
			isa = PBXResourcesBuildPhase;
			buildActionMask = 2147483647;
			files = (
			);
			runOnlyForDeploymentPostprocessing = 0;
		};
/* End PBXResourcesBuildPhase section */

/* Begin PBXShellScriptBuildPhase section */
		0C329116E2EF929490CDFACE /* Check Pods Manifest.lock */ = {
			isa = PBXShellScriptBuildPhase;
			buildActionMask = 2147483647;
			files = (
			);
			inputPaths = (
			);
			name = "Check Pods Manifest.lock";
			outputPaths = (
			);
			runOnlyForDeploymentPostprocessing = 0;
			shellPath = /bin/sh;
			shellScript = "diff \"${PODS_ROOT}/../Podfile.lock\" \"${PODS_ROOT}/Manifest.lock\" > /dev/null\nif [[ $? != 0 ]] ; then\n    cat << EOM\nerror: The sandbox is not in sync with the Podfile.lock. Run 'pod install' or update your CocoaPods installation.\nEOM\n    exit 1\nfi\n";
			showEnvVarsInLog = 0;
		};
		D1A87A344385C49AA65E5968 /* Copy Pods Resources */ = {
			isa = PBXShellScriptBuildPhase;
			buildActionMask = 2147483647;
			files = (
			);
			inputPaths = (
			);
			name = "Copy Pods Resources";
			outputPaths = (
			);
			runOnlyForDeploymentPostprocessing = 0;
			shellPath = /bin/sh;
			shellScript = "\"${SRCROOT}/Pods/Target Support Files/Pods/Pods-resources.sh\"\n";
			showEnvVarsInLog = 0;
		};
/* End PBXShellScriptBuildPhase section */

/* Begin PBXSourcesBuildPhase section */
		C496A65B1CD8924800F017E5 /* Sources */ = {
			isa = PBXSourcesBuildPhase;
			buildActionMask = 2147483647;
			files = (
				C496A7201CD9F7C800F017E5 /* AppDelegate.m in Sources */,
				C496A6E91CD9F5C300F017E5 /* UIBarButtonItem+quickInit.m in Sources */,
				C496A7361CD9F89A00F017E5 /* GTQLeftMenuView.m in Sources */,
				C496A74A1CD9F8FB00F017E5 /* GTQBeenViewController.m in Sources */,
				C496A6EB1CD9F5C300F017E5 /* UIColor+GTQColor.m in Sources */,
				C496A7391CD9F89A00F017E5 /* GTQMenuButton.m in Sources */,
				C496A7381CD9F89A00F017E5 /* GTQMainViewController.m in Sources */,
				C496A6EA1CD9F5C300F017E5 /* UIButton+GTQButton.m in Sources */,
				C496A74C1CD9F8FB00F017E5 /* GTQMessageViewController.m in Sources */,
				C496A7351CD9F89A00F017E5 /* GTQCityButton.m in Sources */,
				C496A74D1CD9F8FB00F017E5 /* GTQSettingViewController.m in Sources */,
				C496A7231CD9F7FE00F017E5 /* GTQHomeViewController.m in Sources */,
				C496A7261CD9F83F00F017E5 /* GTQFoundViewController.m in Sources */,
				C496A7341CD9F89A00F017E5 /* GTQBaseViewController.m in Sources */,
				C496A6641CD8924800F017E5 /* main.m in Sources */,
				C496A74E1CD9F8FB00F017E5 /* GTQUserViewController.m in Sources */,
				C496A73A1CD9F89A00F017E5 /* GTQNavigationController.m in Sources */,
				C496A6EC1CD9F5C300F017E5 /* UILabel+GTQLabel.m in Sources */,
				C496A74B1CD9F8FB00F017E5 /* GTQCollectionViewController.m in Sources */,
			);
			runOnlyForDeploymentPostprocessing = 0;
		};
		C496A6741CD8924800F017E5 /* Sources */ = {
			isa = PBXSourcesBuildPhase;
			buildActionMask = 2147483647;
			files = (
				C496A67D1CD8924800F017E5 /* GTQHuntForCityTests.m in Sources */,
			);
			runOnlyForDeploymentPostprocessing = 0;
		};
		C496A67F1CD8924800F017E5 /* Sources */ = {
			isa = PBXSourcesBuildPhase;
			buildActionMask = 2147483647;
			files = (
				C496A6881CD8924800F017E5 /* GTQHuntForCityUITests.m in Sources */,
			);
			runOnlyForDeploymentPostprocessing = 0;
		};
/* End PBXSourcesBuildPhase section */

/* Begin PBXTargetDependency section */
		C496A67A1CD8924800F017E5 /* PBXTargetDependency */ = {
			isa = PBXTargetDependency;
			target = C496A65E1CD8924800F017E5 /* GTQHuntForCity */;
			targetProxy = C496A6791CD8924800F017E5 /* PBXContainerItemProxy */;
		};
		C496A6851CD8924800F017E5 /* PBXTargetDependency */ = {
			isa = PBXTargetDependency;
			target = C496A65E1CD8924800F017E5 /* GTQHuntForCity */;
			targetProxy = C496A6841CD8924800F017E5 /* PBXContainerItemProxy */;
		};
/* End PBXTargetDependency section */

/* Begin PBXVariantGroup section */
		C496A66B1CD8924800F017E5 /* Main.storyboard */ = {
			isa = PBXVariantGroup;
			children = (
				C496A66C1CD8924800F017E5 /* Base */,
			);
			name = Main.storyboard;
			sourceTree = "<group>";
		};
/* End PBXVariantGroup section */

/* Begin XCBuildConfiguration section */
		C496A68A1CD8924800F017E5 /* Debug */ = {
			isa = XCBuildConfiguration;
			buildSettings = {
				ALWAYS_SEARCH_USER_PATHS = NO;
				CLANG_CXX_LANGUAGE_STANDARD = "gnu++0x";
				CLANG_CXX_LIBRARY = "libc++";
				CLANG_ENABLE_MODULES = YES;
				CLANG_ENABLE_OBJC_ARC = YES;
				CLANG_WARN_BOOL_CONVERSION = YES;
				CLANG_WARN_CONSTANT_CONVERSION = YES;
				CLANG_WARN_DIRECT_OBJC_ISA_USAGE = YES_ERROR;
				CLANG_WARN_EMPTY_BODY = YES;
				CLANG_WARN_ENUM_CONVERSION = YES;
				CLANG_WARN_INT_CONVERSION = YES;
				CLANG_WARN_OBJC_ROOT_CLASS = YES_ERROR;
				CLANG_WARN_UNREACHABLE_CODE = YES;
				CLANG_WARN__DUPLICATE_METHOD_MATCH = YES;
				"CODE_SIGN_IDENTITY[sdk=iphoneos*]" = "iPhone Developer";
				COPY_PHASE_STRIP = NO;
				DEBUG_INFORMATION_FORMAT = dwarf;
				ENABLE_STRICT_OBJC_MSGSEND = YES;
				ENABLE_TESTABILITY = YES;
				GCC_C_LANGUAGE_STANDARD = gnu99;
				GCC_DYNAMIC_NO_PIC = NO;
				GCC_NO_COMMON_BLOCKS = YES;
				GCC_OPTIMIZATION_LEVEL = 0;
				GCC_PREPROCESSOR_DEFINITIONS = (
					"DEBUG=1",
					"$(inherited)",
				);
				GCC_WARN_64_TO_32_BIT_CONVERSION = YES;
				GCC_WARN_ABOUT_RETURN_TYPE = YES_ERROR;
				GCC_WARN_UNDECLARED_SELECTOR = YES;
				GCC_WARN_UNINITIALIZED_AUTOS = YES_AGGRESSIVE;
				GCC_WARN_UNUSED_FUNCTION = YES;
				GCC_WARN_UNUSED_VARIABLE = YES;
				IPHONEOS_DEPLOYMENT_TARGET = 9.2;
				MTL_ENABLE_DEBUG_INFO = YES;
				ONLY_ACTIVE_ARCH = YES;
				SDKROOT = iphoneos;
			};
			name = Debug;
		};
		C496A68B1CD8924800F017E5 /* Release */ = {
			isa = XCBuildConfiguration;
			buildSettings = {
				ALWAYS_SEARCH_USER_PATHS = NO;
				CLANG_CXX_LANGUAGE_STANDARD = "gnu++0x";
				CLANG_CXX_LIBRARY = "libc++";
				CLANG_ENABLE_MODULES = YES;
				CLANG_ENABLE_OBJC_ARC = YES;
				CLANG_WARN_BOOL_CONVERSION = YES;
				CLANG_WARN_CONSTANT_CONVERSION = YES;
				CLANG_WARN_DIRECT_OBJC_ISA_USAGE = YES_ERROR;
				CLANG_WARN_EMPTY_BODY = YES;
				CLANG_WARN_ENUM_CONVERSION = YES;
				CLANG_WARN_INT_CONVERSION = YES;
				CLANG_WARN_OBJC_ROOT_CLASS = YES_ERROR;
				CLANG_WARN_UNREACHABLE_CODE = YES;
				CLANG_WARN__DUPLICATE_METHOD_MATCH = YES;
				"CODE_SIGN_IDENTITY[sdk=iphoneos*]" = "iPhone Developer";
				COPY_PHASE_STRIP = NO;
				DEBUG_INFORMATION_FORMAT = "dwarf-with-dsym";
				ENABLE_NS_ASSERTIONS = NO;
				ENABLE_STRICT_OBJC_MSGSEND = YES;
				GCC_C_LANGUAGE_STANDARD = gnu99;
				GCC_NO_COMMON_BLOCKS = YES;
				GCC_WARN_64_TO_32_BIT_CONVERSION = YES;
				GCC_WARN_ABOUT_RETURN_TYPE = YES_ERROR;
				GCC_WARN_UNDECLARED_SELECTOR = YES;
				GCC_WARN_UNINITIALIZED_AUTOS = YES_AGGRESSIVE;
				GCC_WARN_UNUSED_FUNCTION = YES;
				GCC_WARN_UNUSED_VARIABLE = YES;
				IPHONEOS_DEPLOYMENT_TARGET = 9.2;
				MTL_ENABLE_DEBUG_INFO = NO;
				SDKROOT = iphoneos;
				VALIDATE_PRODUCT = YES;
			};
			name = Release;
		};
		C496A68D1CD8924800F017E5 /* Debug */ = {
			isa = XCBuildConfiguration;
			baseConfigurationReference = 49EEF66DCED2C0C4DD3FE2B6 /* Pods.debug.xcconfig */;
			buildSettings = {
				ASSETCATALOG_COMPILER_APPICON_NAME = AppIcon;
				ASSETCATALOG_COMPILER_LAUNCHIMAGE_NAME = LaunchImage;
				GCC_PRECOMPILE_PREFIX_HEADER = YES;
				GCC_PREFIX_HEADER = /Users/Lshuang/Desktop/GTQHuntForCity/GTQHuntForCity/GTQPrefixHeader.h;
				INFOPLIST_FILE = GTQHuntForCity/Info.plist;
				IPHONEOS_DEPLOYMENT_TARGET = 8.1;
				LD_RUNPATH_SEARCH_PATHS = "$(inherited) @executable_path/Frameworks";
				PRODUCT_BUNDLE_IDENTIFIER = com.dream.GTQHuntForCity;
				PRODUCT_NAME = "$(TARGET_NAME)";
				USER_HEADER_SEARCH_PATHS = "$(PODS_ROOT)/**";
			};
			name = Debug;
		};
		C496A68E1CD8924800F017E5 /* Release */ = {
			isa = XCBuildConfiguration;
			baseConfigurationReference = 217AF2A41D217F83764919B2 /* Pods.release.xcconfig */;
			buildSettings = {
				ASSETCATALOG_COMPILER_APPICON_NAME = AppIcon;
				ASSETCATALOG_COMPILER_LAUNCHIMAGE_NAME = LaunchImage;
				GCC_PRECOMPILE_PREFIX_HEADER = YES;
				GCC_PREFIX_HEADER = /Users/Lshuang/Desktop/GTQHuntForCity/GTQHuntForCity/GTQPrefixHeader.h;
				INFOPLIST_FILE = GTQHuntForCity/Info.plist;
				IPHONEOS_DEPLOYMENT_TARGET = 8.1;
				LD_RUNPATH_SEARCH_PATHS = "$(inherited) @executable_path/Frameworks";
				PRODUCT_BUNDLE_IDENTIFIER = com.dream.GTQHuntForCity;
				PRODUCT_NAME = "$(TARGET_NAME)";
				USER_HEADER_SEARCH_PATHS = "$(PODS_ROOT)/**";
			};
			name = Release;
		};
		C496A6901CD8924800F017E5 /* Debug */ = {
			isa = XCBuildConfiguration;
			buildSettings = {
				BUNDLE_LOADER = "$(TEST_HOST)";
				INFOPLIST_FILE = GTQHuntForCityTests/Info.plist;
				LD_RUNPATH_SEARCH_PATHS = "$(inherited) @executable_path/Frameworks @loader_path/Frameworks";
				PRODUCT_BUNDLE_IDENTIFIER = com.dream.GTQHuntForCityTests;
				PRODUCT_NAME = "$(TARGET_NAME)";
				TEST_HOST = "$(BUILT_PRODUCTS_DIR)/GTQHuntForCity.app/GTQHuntForCity";
			};
			name = Debug;
		};
		C496A6911CD8924800F017E5 /* Release */ = {
			isa = XCBuildConfiguration;
			buildSettings = {
				BUNDLE_LOADER = "$(TEST_HOST)";
				INFOPLIST_FILE = GTQHuntForCityTests/Info.plist;
				LD_RUNPATH_SEARCH_PATHS = "$(inherited) @executable_path/Frameworks @loader_path/Frameworks";
				PRODUCT_BUNDLE_IDENTIFIER = com.dream.GTQHuntForCityTests;
				PRODUCT_NAME = "$(TARGET_NAME)";
				TEST_HOST = "$(BUILT_PRODUCTS_DIR)/GTQHuntForCity.app/GTQHuntForCity";
			};
			name = Release;
		};
		C496A6931CD8924800F017E5 /* Debug */ = {
			isa = XCBuildConfiguration;
			buildSettings = {
				INFOPLIST_FILE = GTQHuntForCityUITests/Info.plist;
				LD_RUNPATH_SEARCH_PATHS = "$(inherited) @executable_path/Frameworks @loader_path/Frameworks";
				PRODUCT_BUNDLE_IDENTIFIER = com.dream.GTQHuntForCityUITests;
				PRODUCT_NAME = "$(TARGET_NAME)";
				TEST_TARGET_NAME = GTQHuntForCity;
				USES_XCTRUNNER = YES;
			};
			name = Debug;
		};
		C496A6941CD8924800F017E5 /* Release */ = {
			isa = XCBuildConfiguration;
			buildSettings = {
				INFOPLIST_FILE = GTQHuntForCityUITests/Info.plist;
				LD_RUNPATH_SEARCH_PATHS = "$(inherited) @executable_path/Frameworks @loader_path/Frameworks";
				PRODUCT_BUNDLE_IDENTIFIER = com.dream.GTQHuntForCityUITests;
				PRODUCT_NAME = "$(TARGET_NAME)";
				TEST_TARGET_NAME = GTQHuntForCity;
				USES_XCTRUNNER = YES;
			};
			name = Release;
		};
/* End XCBuildConfiguration section */

/* Begin XCConfigurationList section */
		C496A65A1CD8924800F017E5 /* Build configuration list for PBXProject "GTQHuntForCity" */ = {
			isa = XCConfigurationList;
			buildConfigurations = (
				C496A68A1CD8924800F017E5 /* Debug */,
				C496A68B1CD8924800F017E5 /* Release */,
			);
			defaultConfigurationIsVisible = 0;
			defaultConfigurationName = Release;
		};
		C496A68C1CD8924800F017E5 /* Build configuration list for PBXNativeTarget "GTQHuntForCity" */ = {
			isa = XCConfigurationList;
			buildConfigurations = (
				C496A68D1CD8924800F017E5 /* Debug */,
				C496A68E1CD8924800F017E5 /* Release */,
			);
			defaultConfigurationIsVisible = 0;
			defaultConfigurationName = Release;
		};
		C496A68F1CD8924800F017E5 /* Build configuration list for PBXNativeTarget "GTQHuntForCityTests" */ = {
			isa = XCConfigurationList;
			buildConfigurations = (
				C496A6901CD8924800F017E5 /* Debug */,
				C496A6911CD8924800F017E5 /* Release */,
			);
			defaultConfigurationIsVisible = 0;
			defaultConfigurationName = Release;
		};
		C496A6921CD8924800F017E5 /* Build configuration list for PBXNativeTarget "GTQHuntForCityUITests" */ = {
			isa = XCConfigurationList;
			buildConfigurations = (
				C496A6931CD8924800F017E5 /* Debug */,
				C496A6941CD8924800F017E5 /* Release */,
			);
			defaultConfigurationIsVisible = 0;
			defaultConfigurationName = Release;
		};
/* End XCConfigurationList section */
	};
	rootObject = C496A6571CD8924800F017E5 /* Project object */;
}
